{
    "_meta": {
        "hash": {
            "sha256": "3bb748f684692f6976a4261c437bbdcc8010d9fac6e295f1468423bca24c29f9"
        },
        "pipfile-spec": 6,
        "requires": {},
        "sources": [
            {
                "name": "pypi",
                "url": "https://pypi.org/simple",
                "verify_ssl": true
            }
        ]
    },
    "default": {},
    "develop": {
        "astroid": {
            "hashes": [
                "sha256:52f39653876c7dec3e3afd4c2696920e05c83832b9737afc21928f2d2eb7a753",
                "sha256:986fed8bcf79fb82c78b18a53352a0b287a73817d6dbcfba3162da36667c49a0"
            ],
            "markers": "python_full_version >= '3.10.0'",
            "version": "==4.0.4"
        },
        "autopep8": {
            "hashes": [
                "sha256:89440a4f969197b69a995e4ce0661b031f455a9f776d2c5ba3dbd83466931758",
                "sha256:ce8ad498672c845a0c3de2629c15b635ec2b05ef8177a6e7c91c74f3e9b51128"
            ],
            "index": "pypi",
            "markers": "python_version >= '3.9'",
            "version": "==2.3.2"
        },
        "coverage": {
            "extras": [
                "toml"
            ],
            "hashes": [
                "sha256:00b6703c6640075cdce5124e9335dfdf9167272475301828acfdd09c0e5ee731",
                "sha256:05d87c2a43373ad6b976d0a99ad58c48633633bcdeb896dc645a006472cc4a71",
                "sha256:09b3b088aa24489c4082bcc35fcc8224281ab94a653dfb6d3f0c8165b0d628ab",
                "sha256:0a545ef5384d787d0fcac6c349afc2c5f99dcc39e13ed3c191b2c06305f64c04",
                "sha256:0c579056b0de461b3a62318b63d0b6ce90aed7f8158d3f00da094df82f29d189",
                "sha256:0f410ee8f0ac4ec7db71bc0b7632a8b9994e1cad2755bd1566c17e6a162caa74",
                "sha256:1174900a43f6f8c425fee10d7dbddc308adefcdc78aaced32357f5ab750a0e90",
                "sha256:165e9949eaf222ef1f018635d0d7f368a23bfe0212af558534c40d8c04686d67",
                "sha256:1678eb2dc57a8ce67601b029582ef6d41e9e6ca22692aaeccd4107e40f27386c",
                "sha256:18ea20e3922d7f8ca9e0ef1084408d08c4ad62d5e531cb9c1f6896a99297ebea",
                "sha256:1ce6947e2a95534ecaa5a15e73c21e550514c980d80eda204d064d789a95f6a4",
                "sha256:206d4ec6028f2773b40932d09f074539d6bcdd8f6b318d40cb04bdbd68ed0b49",
                "sha256:23214bdbe226f2b0e9c66a7d6a1d59d4a88045dcf86e702cf0fe0d0935e3d615",
                "sha256:24d8e85a2a45e44883b488c2659f51fa761dad5353fdb319b672a93facbd2ca9",
                "sha256:26a40cbf2b13bd94af53ee02a424cb3bb96a9edfac0d00834bd068512a62714b",
                "sha256:26f89cf6d0634375f454fa71057945ad18edb0f1607a90fecf22c57dc3dc289a",
                "sha256:2afce82f2cf8f4c9002746a42755e1dc61baff33d9f7ab5569b4c9101f8f4d1d",
                "sha256:2b25f0f0fa5260df9d7bb55d47c8bdc23fa3382c1a18f7c9cae122e6c320b1ad",
                "sha256:2de8ecbbc77c7e4d22572779920ed8979c69168675e96be3a548c996568c6c31",
                "sha256:345034976f46a1c54bd17f4e43eb30bb92cb7082fcddff03250cff136cc4eb82",
                "sha256:34fe7cf79d5f1f87f2e8ce7dc1c32950841f50e10d0120f263856acfad66de34",
                "sha256:359f3fbe09a51500c51966596ee4ee4070b356552c70b3b2420eb200d68e0f76",
                "sha256:3ad9a0eac4728327fd870d52f74d2e631d176c5f178eaea2d9983ab5b9755a55",
                "sha256:3c78f0cea7275342cf2adc2ad5fdd0aafa106ad91e66d573568f2fcf62c41df5",
                "sha256:3ea65e3ee6c7c32349fd00559927a9e577bdd72386087eeed1c42b62dfce9b82",
                "sha256:433a73200848e80f27712fc113b6ff5311f29b479a7d3bd4b1106138a77f9674",
                "sha256:4a2effcbd93ae340a58db718fe4181d967f84d352c4cefeaab4ff82ce813901a",
                "sha256:4f051a64eb8f8addb4661c2b41d6eea5b7ebc68ad4b2baea8d9bc54e1956e5f7",
                "sha256:5bbe2a06e0a5e1404d9ffbdb49b819bbd6a3bb198ebea4c8dfe7ad9f1e1c2e81",
                "sha256:5d0297e6a070eadb49df7cddd0ab6f420b8b689dd8904c7dd815a323168fa57e",
                "sha256:5d3de58b837375e7f4c0e1a088ccab5f655efb2fd7427b729df02c862a559633",
                "sha256:5d6fa45079db9fbeba0a69e3d91189f05301d6ac918162a53179d32fc9ed4910",
                "sha256:5e2d2536d2f57a354aa382ed303ac0e2e5c9522a508c05b998d26181b94163a7",
                "sha256:620482ef1c9f4e61f962e159325fe77dea59d16e39d9c9470d069053b244d864",
                "sha256:6506330b4a8dcf53b95bd84d8d0e817107cdb3fc1438e835029cdf0bc6612eb0",
                "sha256:664e279ed40599b8ed16f4db18d92a7e212c73129672bec8f5d96d4da48d2404",
                "sha256:6827ac0519be3fe91bf96b4060eb00d1d24f82649b29862cd75a3cfca248b02a",
                "sha256:68931b5fe746ed4fdaa8892989cab9e6c35781eeb3b0ab2ded893d561e1b3652",
                "sha256:6f0bab60a582d415f0fb535ccff13ba334a47a1538f98913330a525d23bd535a",
                "sha256:717d01e6e00bed56ad13306f19e0dd2f4f645ee8159d2c72c72301d6cfc7090c",
                "sha256:71ac4ca1658ca99160fd58cc6967110e989c34b04627f24ed6ec9f70fb24571a",
                "sha256:724e878b213b302ad46e9f2fc872d386613f20ebfc492a211482d917ea76c14f",
                "sha256:764e045811f9c8cda436641f3f088283351d331a519b5807f19041cd0a68da1c",
                "sha256:771caba880fee96493d18dfc465c318e08ab74e3bc2a3e4089e52514be6a6e54",
                "sha256:7911b02f57053adf8164ae63edb1c26574d24dfccabadc5268cf69310a69a358",
                "sha256:81572011fc1fc271317da35da593944daef7bfd507085e35751abbe702b74f69",
                "sha256:81e503d130a472ad1bd38199ecd35116b40d92bcd31e27a2cacde035381f2070",
                "sha256:841befdbc89b9c82435fc25b0f4f41858b6238693e45af758bec4cfc1968171c",
                "sha256:8697b2edb57143546a24389efc11e1b000cd5800fc20d84f04edb601e4a7cfb8",
                "sha256:86bd37eabe39977216f630a7fc1b698e7f5e81a191c7186013245c6c3d313f9d",
                "sha256:895e65c96aef0cecea250f6e35e9a32f11375514e1a0cb5210e0fda128c04e8e",
                "sha256:8c7953c4128ef53b6ffb5f90d87c87d4ce26731df294760bb2314eb0e069e44b",
                "sha256:8cc316264317b07a9e90d7f2b4188a15e36e9b54e651081b791b0515fa612a29",
                "sha256:8f765d13c08497687d0780cca66115c6aa4ba6703ad43b61e94fab9db689e3a3",
                "sha256:916fcf2214f56960e409561b37fc32a160a42b6e85483d0652d7b70fa55d707e",
                "sha256:962aa56c1c9b016d681265880eb6acc9966029d2c4c559319cc43a1abbb9b59a",
                "sha256:985657ebd707941de90d488d1cbb5efac20bdf81f7b91eba771624ccda4d36f4",
                "sha256:98847557a6859cadf693792ce89f440cb89692993f60dc6d3a7e35f3d340216f",
                "sha256:a318112bb4f79d9d04766196d5a3388caa825908a6a9b052aa87de3d9aea7c61",
                "sha256:a524fca1a6f08927d9dc2d4c873cfb7bd7202c247f08b14bdc02424071b8b304",
                "sha256:a7625770f7720b49bb30d194ad2f8d50fab3c5177874af3d2399676f95f9c594",
                "sha256:a886af95f59edf67d5770fd3564d53f4a8af93f25f8c1d60d27e00d7f5674ee8",
                "sha256:aab9902a64b8390e3b56e539fddae1d79a267807fe5cb0c18d7d2f544ce867e2",
                "sha256:afaa144b8f5b3bc69fe0ce50d401c46b01ab264782553bfd05a3f98804524ecb",
                "sha256:b1801963f9f44ae0c0f6d737bc7aeb2bbcde7d1fe7e3b43cddc1961af42d3b41",
                "sha256:b4ee9818e8bae3544379ad2c09b851c4fb886aaa8860d57a1c1316ddcb16db49",
                "sha256:bb5f6c2cf1ffd0bf2bd925c7cdcae9b4f208e9696d453ed51eb1f5fa0cc5b45b",
                "sha256:bde0fe24083d0b7b3dbafa7a09f0796410af1afa2523f28f5f208d8340a4aaca",
                "sha256:c337da8fca7ea93ab43f3868cfcde6cf6dad32c3906b273cfbad5d7390bc423b",
                "sha256:c6829d9a3b55ad2b73ef5fda8302e5be03683789e88b1a079dcf4a773229c21d",
                "sha256:c6db15c217693bdc3ca0b84de1ba9afafe1c14c26a8a29d77f4ed0de2b6132e2",
                "sha256:cc3656c9ecc27b36bd0907455b77f83c0069ca9ad4a66dec892b76c696eb6047",
                "sha256:ce2f05c14d077f406fefc4fa5e4f093ad0e0787549f6582535d6e28766f0361b",
                "sha256:d385fc9b054e309ad3cecdc77b586d2af0c98aeec2fdb3773544586f366e817c",
                "sha256:d4e47e7eea81a8ccf060a07627654151d929da62c7b715738387c200905cec89",
                "sha256:d70f3542cd38de85a9e257dcb1ac4c1ab4b6d7d2c2a645809207556628755d1c",
                "sha256:d78aa537237212c4313aabe5e964b66acc86350ed19ebc56a3e202df33b6077b",
                "sha256:d9476292594309db922cc841dd13b303b3c388f4c25d279884f7e2341c681f80",
                "sha256:db3403fdb7a94d5eb73e099befad8104d2a7d110a0f0d99df0de61c5d1fa756c",
                "sha256:df164be93b46b4825cc39339440a05edc54c4d1d865ba4a60fd43d151a2a1cd3",
                "sha256:e1b6099490e5f88569c46b18605f556c3b30acc9a0a219cf7ef8fab8f7161ec4",
                "sha256:e55d24cada901963eed5bc89fa562aa033f0d84b9d3de4ecf363737c13aed11e",
                "sha256:eb5fa75dc3d30e3a1b75da97973479b20ffa9b0641ff56d6e94b5f3e210daa54",
                "sha256:f1198bca9c0dd7c188aae1f185b0c0b5fc4f0a2b6909000858c29550320bdb07",
                "sha256:f4c5a5eff4ad4f9f7088fd3fc7a66d98d06566ee294b3b053309fb0a3b45be1e",
                "sha256:f6d0a28b63a0d75f9ed5118105d1154fc3aa40a8605a30d5d87e3d043ad90fe7",
                "sha256:f837bae572c7869ffaa502e604c87e182543012831cf87aae4586ad090ac6dcf",
                "sha256:f89f7453d6d46db14cf233e2cd8edcd78de2b9c49d4f1dc109590b4e5dbfbb74",
                "sha256:f8a51a8ec382c39d939cba0ab07ae949077ae4e842343bd4eed22d432358cea9",
                "sha256:fa75dc099c126e941a9c0baa8ebd2cbc78bd778687534fe410baf754f6d9e374",
                "sha256:fc868bab88e049d41fcd41766810d790a8b960053be2a45e060f5ce0d31d258b"
            ],
            "index": "pypi",
            "markers": "python_version >= '3.10'",
            "version": "==7.15.1"
        },
        "dill": {
            "hashes": [
                "sha256:1e1ce33e978ae97fcfcff5638477032b801c46c7c65cf717f95fbc2248f79a9d",
                "sha256:423092df4182177d4d8ba8290c8a5b640c66ab35ec7da59ccfa00f6fa3eea5fa"
            ],
            "markers": "python_version >= '3.9'",
            "version": "==0.4.1"
        },
        "flake8": {
            "hashes": [
                "sha256:b9696257b9ce8beb888cdbe31cf885c90d31928fe202be0889a7cdafad32f01e",
                "sha256:fe044858146b9fc69b551a4b490d69cf960fcb78ad1edcb84e7fbb1b4a8e3872"
            ],
            "index": "pypi",
            "markers": "python_version >= '3.9'",
            "version": "==7.3.0"
        },
        "iniconfig": {
            "hashes": [
                "sha256:c76315c77db068650d49c5b56314774a7804df16fee4402c1f19d6d15d8c4730",
                "sha256:f631c04d2c48c52b84d0d0549c99ff3859c98df65b3101406327ecc7d53fbf12"
            ],
            "markers": "python_version >= '3.10'",
            "version": "==2.3.0"
        },
        "isort": {
            "hashes": [
                "sha256:171ac4ff559cdc060bcfff550bc8404a486fee0caab245679c2abe7cb253c78d",
                "sha256:28b89bc70f751b559aeca209e6120393d43fbe2490de0559662be7a9787e3d75"
            ],
            "markers": "python_full_version >= '3.10.0'",
            "version": "==8.0.1"
        },
        "mccabe": {
            "hashes": [
                "sha256:348e0240c33b60bbdf4e523192ef919f28cb2c3d7d5c7794f74009290f236325",
                "sha256:6c2d30ab6be0e4a46919781807b4f0d834ebdd6c6e3dca0bda5a15f863427b6e"
            ],
            "markers": "python_version >= '3.6'",
            "version": "==0.7.0"
        },
        "nodeenv": {
            "hashes": [
                "sha256:5bb13e3eed2923615535339b3c620e76779af4cb4c6a90deccc9e36b274d3827",
                "sha256:996c191ad80897d076bdfba80a41994c2b47c68e224c542b48feba42ba00f8bb"
            ],
            "markers": "python_version >= '2.7' and python_version not in '3.0, 3.1, 3.2, 3.3, 3.4, 3.5, 3.6'",
            "version": "==1.10.0"
        },
        "packaging": {
            "hashes": [
                "sha256:5fc45236b9446107ff2415ce77c807cee2862cb6fac22b8a73826d0693b0980e",
                "sha256:ff452ff5a3e828ce110190feff1178bb1f2ea2281fa2075aadb987c2fb221661"
            ],
            "markers": "python_version >= '3.8'",
            "version": "==26.2"
        },
        "pathspec": {
            "hashes": [
                "sha256:17db5ecd524104a120e173814c90367a96a98d07c45b2e10c2f3919fff91bf5a",
                "sha256:a00ce642f577bf7f473932318056212bc4f8bfdf53128c78bbd5af0b9b20b189"
            ],
            "markers": "python_version >= '3.9'",
            "version": "==1.1.1"
        },
        "platformdirs": {
            "hashes": [
                "sha256:31e761a6a0ca04faf7353ea759bdba55652be214725111e5aac52dfa29d4bef7",
                "sha256:fb516cdb12eb0d857d0cd85a7c57cea4d060bee4578d6cf5a14dfdf8cbf8784a"
            ],
            "markers": "python_version >= '3.10'",
            "version": "==4.10.0"
        },
        "pluggy": {
            "hashes": [
                "sha256:7dcc130b76258d33b90f61b658791dede3486c3e6bfb003ee5c9bfb396dd22f3",
                "sha256:e920276dd6813095e9377c0bc5566d94c932c33b27a3e3945d8389c374dd4746"
            ],
            "markers": "python_version >= '3.9'",
            "version": "==1.6.0"
        },
        "pycodestyle": {
            "hashes": [
                "sha256:c4b5b517d278089ff9d0abdec919cd97262a3367449ea1c8b49b91529167b783",
                "sha256:dd6bf7cb4ee77f8e016f9c8e74a35ddd9f67e1d5fd4184d86c3b98e07099f42d"
            ],
            "index": "pypi",
            "markers": "python_version >= '3.9'",
            "version": "==2.14.0"
        },
        "pyflakes": {
            "hashes": [
                "sha256:b24f96fafb7d2ab0ec5075b7350b3d2d2218eab42003821c06344973d3ea2f58",
                "sha256:f742a7dbd0d9cb9ea41e9a24a918996e8170c799fa528688d40dd582c8265f4f"
            ],
            "index": "pypi",
            "markers": "python_version >= '3.9'",
            "version": "==3.4.0"
        },
        "pygments": {
            "hashes": [
                "sha256:6757cd03768053ff99f3039c1a36d6c0aa0b263438fcab17520b30a303a82b5f",
                "sha256:81a9e26dd42fd28a23a2d169d86d7ac03b46e2f8b59ed4698fb4785f946d0176"
            ],
            "markers": "python_version >= '3.9'",
            "version": "==2.20.0"
        },
        "pylint": {
            "hashes": [
                "sha256:52f19191bee08bf103f9705ad1a0ece4aa5a0a4ef2bdcbd969375a1e6f6579d5",
                "sha256:d11a0e1fdb7b1cd46ec5d6fc78fee8b95f28695b2d6140e5809925f61e32ea54"
            ],
            "index": "pypi",
            "markers": "python_full_version >= '3.10.0'",
            "version": "==4.0.6"
        },
        "pyright": {
            "hashes": [
                "sha256:d885a0551f2e763b089a02702174e7f4ba77548cddabc972ab86d1f7f1b0f998",
                "sha256:dc7c72a8e2700c55baa127554040e067041ea53ccfd50bf96308cc4291c7d5d9"
            ],
            "index": "pypi",
            "markers": "python_version >= '3.7'",
            "version": "==1.1.411"
        },
        "pytest": {
            "hashes": [
                "sha256:1088fbde8f2b49d95a549a195707afa7a76a3ce9bcadc26b6d71f0ffda5fe313",
                "sha256:37a86b45efb9a47a61a36449063e8e18d0cab3161329fc099eb21783169c4f0c"
            ],
            "index": "pypi",
            "markers": "python_version >= '3.10'",
            "version": "==9.1.1"
        },
        "pytest-cov": {
            "hashes": [
                "sha256:30674f2b5f6351aa09702a9c8c364f6a01c27aae0c1366ae8016160d1efc56b2",
                "sha256:a0461110b7865f9a271aa1b51e516c9a95de9d696734a2f71e3e78f46e1d4678"
            ],
            "index": "pypi",
            "markers": "python_version >= '3.9'",
            "version": "==7.1.0"
        },
        "pyyaml": {
            "hashes": [
                "sha256:00c4bdeba853cc34e7dd471f16b4114f4162dc03e6b7afcc2128711f0eca823c",
                "sha256:0150219816b6a1fa26fb4699fb7daa9caf09eb1999f3b70fb6e786805e80375a",
                "sha256:02893d100e99e03eda1c8fd5c441d8c60103fd175728e23e431db1b589cf5ab3",
                "sha256:02ea2dfa234451bbb8772601d7b8e426c2bfa197136796224e50e35a78777956",
                "sha256:0f29edc409a6392443abf94b9cf89ce99889a1dd5376d94316ae5145dfedd5d6",
                "sha256:10892704fc220243f5305762e276552a0395f7beb4dbf9b14ec8fd43b57f126c",
                "sha256:16249ee61e95f858e83976573de0f5b2893b3677ba71c9dd36b9cf8be9ac6d65",
                "sha256:1d37d57ad971609cf3c53ba6a7e365e40660e3be0e5175fa9f2365a379d6095a",
                "sha256:1ebe39cb5fc479422b83de611d14e2c0d3bb2a18bbcb01f229ab3cfbd8fee7a0",
                "sha256:214ed4befebe12df36bcc8bc2b64b396ca31be9304b8f59e25c11cf94a4c033b",
                "sha256:2283a07e2c21a2aa78d9c4442724ec1eb15f5e42a723b99cb3d822d48f5f7ad1",
                "sha256:22ba7cfcad58ef3ecddc7ed1db3409af68d023b7f940da23c6c2a1890976eda6",
                "sha256:27c0abcb4a5dac13684a37f76e701e054692a9b2d3064b70f5e4eb54810553d7",
                "sha256:28c8d926f98f432f88adc23edf2e6d4921ac26fb084b028c733d01868d19007e",
                "sha256:2e71d11abed7344e42a8849600193d15b6def118602c4c176f748e4583246007",
                "sha256:34d5fcd24b8445fadc33f9cf348c1047101756fd760b4dacb5c3e99755703310",
                "sha256:37503bfbfc9d2c40b344d06b2199cf0e96e97957ab1c1b546fd4f87e53e5d3e4",
                "sha256:3c5677e12444c15717b902a5798264fa7909e41153cdf9ef7ad571b704a63dd9",
                "sha256:3ff07ec89bae51176c0549bc4c63aa6202991da2d9a6129d7aef7f1407d3f295",
                "sha256:41715c910c881bc081f1e8872880d3c650acf13dfa8214bad49ed4cede7c34ea",
                "sha256:418cf3f2111bc80e0933b2cd8cd04f286338bb88bdc7bc8e6dd775ebde60b5e0",
                "sha256:44edc647873928551a01e7a563d7452ccdebee747728c1080d881d68af7b997e",
                "sha256:4a2e8cebe2ff6ab7d1050ecd59c25d4c8bd7e6f400f5f82b96557ac0abafd0ac",
                "sha256:4ad1906908f2f5ae4e5a8ddfce73c320c2a1429ec52eafd27138b7f1cbe341c9",
                "sha256:501a031947e3a9025ed4405a168e6ef5ae3126c59f90ce0cd6f2bfc477be31b7",
                "sha256:5190d403f121660ce8d1d2c1bb2ef1bd05b5f68533fc5c2ea899bd15f4399b35",
                "sha256:5498cd1645aa724a7c71c8f378eb29ebe23da2fc0d7a08071d89469bf1d2defb",
                "sha256:5cf4e27da7e3fbed4d6c3d8e797387aaad68102272f8f9752883bc32d61cb87b",
                "sha256:5e0b74767e5f8c593e8c9b5912019159ed0533c70051e9cce3e8b6aa699fcd69",
                "sha256:5ed875a24292240029e4483f9d4a4b8a1ae08843b9c54f43fcc11e404532a8a5",
                "sha256:5fcd34e47f6e0b794d17de1b4ff496c00986e1c83f7ab2fb8fcfe9616ff7477b",
                "sha256:5fdec68f91a0c6739b380c83b951e2c72ac0197ace422360e6d5a959d8d97b2c",
                "sha256:6344df0d5755a2c9a276d4473ae6b90647e216ab4757f8426893b5dd2ac3f369",
                "sha256:64386e5e707d03a7e172c0701abfb7e10f0fb753ee1d773128192742712a98fd",
                "sha256:652cb6edd41e718550aad172851962662ff2681490a8a711af6a4d288dd96824",
                "sha256:66291b10affd76d76f54fad28e22e51719ef9ba22b29e1d7d03d6777a9174198",
                "sha256:66e1674c3ef6f541c35191caae2d429b967b99e02040f5ba928632d9a7f0f065",
                "sha256:6adc77889b628398debc7b65c073bcb99c4a0237b248cacaf3fe8a557563ef6c",
                "sha256:79005a0d97d5ddabfeeea4cf676af11e647e41d81c9a7722a193022accdb6b7c",
                "sha256:7c6610def4f163542a622a73fb39f534f8c101d690126992300bf3207eab9764",
                "sha256:7f047e29dcae44602496db43be01ad42fc6f1cc0d8cd6c83d342306c32270196",
                "sha256:8098f252adfa6c80ab48096053f512f2321f0b998f98150cea9bd23d83e1467b",
                "sha256:850774a7879607d3a6f50d36d04f00ee69e7fc816450e5f7e58d7f17f1ae5c00",
                "sha256:8d1fab6bb153a416f9aeb4b8763bc0f22a5586065f86f7664fc23339fc1c1fac",
                "sha256:8da9669d359f02c0b91ccc01cac4a67f16afec0dac22c2ad09f46bee0697eba8",
                "sha256:8dc52c23056b9ddd46818a57b78404882310fb473d63f17b07d5c40421e47f8e",
                "sha256:9149cad251584d5fb4981be1ecde53a1ca46c891a79788c0df828d2f166bda28",
                "sha256:93dda82c9c22deb0a405ea4dc5f2d0cda384168e466364dec6255b293923b2f3",
                "sha256:96b533f0e99f6579b3d4d4995707cf36df9100d67e0c8303a0c55b27b5f99bc5",
                "sha256:9c57bb8c96f6d1808c030b1687b9b5fb476abaa47f0db9c0101f5e9f394e97f4",
                "sha256:9c7708761fccb9397fe64bbc0395abcae8c4bf7b0eac081e12b809bf47700d0b",
                "sha256:9f3bfb4965eb874431221a3ff3fdcddc7e74e3b07799e0e84ca4a0f867d449bf",
                "sha256:a33284e20b78bd4a18c8c2282d549d10bc8408a2a7ff57653c0cf0b9be0afce5",
                "sha256:a80cb027f6b349846a3bf6d73b5e95e782175e52f22108cfa17876aaeff93702",
                "sha256:b30236e45cf30d2b8e7b3e85881719e98507abed1011bf463a8fa23e9c3e98a8",
                "sha256:b3bc83488de33889877a0f2543ade9f70c67d66d9ebb4ac959502e12de895788",
                "sha256:b865addae83924361678b652338317d1bd7e79b1f4596f96b96c77a5a34b34da",
                "sha256:b8bb0864c5a28024fac8a632c443c87c5aa6f215c0b126c449ae1a150412f31d",
                "sha256:ba1cc08a7ccde2d2ec775841541641e4548226580ab850948cbfda66a1befcdc",
                "sha256:bdb2c67c6c1390b63c6ff89f210c8fd09d9a1217a465701eac7316313c915e4c",
                "sha256:c1ff362665ae507275af2853520967820d9124984e0f7466736aea23d8611fba",
                "sha256:c2514fceb77bc5e7a2f7adfaa1feb2fb311607c9cb518dbc378688ec73d8292f",
                "sha256:c3355370a2c156cffb25e876646f149d5d68f5e0a3ce86a5084dd0b64a994917",
                "sha256:c458b6d084f9b935061bc36216e8a69a7e293a2f1e68bf956dcd9e6cbcd143f5",
                "sha256:d0eae10f8159e8fdad514efdc92d74fd8d682c933a6dd088030f3834bc8e6b26",
                "sha256:d76623373421df22fb4cf8817020cbb7ef15c725b9d5e45f17e189bfc384190f",
                "sha256:ebc55a14a21cb14062aa4162f906cd962b28e2e9ea38f9b4391244cd8de4ae0b",
                "sha256:eda16858a3cab07b80edaf74336ece1f986ba330fdb8ee0d6c0d68fe82bc96be",
                "sha256:ee2922902c45ae8ccada2c5b501ab86c36525b883eff4255313a253a3160861c",
                "sha256:efd7b85f94a6f21e4932043973a7ba2613b059c4a000551892ac9f1d11f5baf3",
                "sha256:f7057c9a337546edc7973c0d3ba84ddcdf0daa14533c2065749c9075001090e6",
                "sha256:fa160448684b4e94d80416c0fa4aac48967a969efe22931448d853ada8baf926",
                "sha256:fc09d0aa354569bc501d4e787133afc08552722d3ab34836a80547331bb5d4a0"
            ],
            "markers": "python_version >= '3.8'",
            "version": "==6.0.3"
        },
        "tomlkit": {
            "hashes": [
                "sha256:4dbc8f0fc024412b57ced8757ac7461305126a648ff8c2c807fcb8e133a78738",
                "sha256:7d1a9ecba3086638211b13814ea79c90dd54dd11993564376f3aa92271f5c7a3"
            ],
            "markers": "python_version >= '3.9'",
            "version": "==0.15.0"
        },
        "typing-extensions": {
            "hashes": [
                "sha256:481caa481374e813c1b176ada14e97f1f67a4539ce9cfeb3f350d78d6370c2e8",
                "sha256:dc983d19a509c94dba722ee6abd33940f7c05a89e243c47e907eb4db6f1a43e5"
            ],
            "markers": "python_version >= '3.9'",
            "version": "==4.16.0"
        },
        "yamllint": {
            "hashes": [
                "sha256:09e5f29531daab93366bb061e76019d5e91691ef0a40328f04c927387d1d364d",
                "sha256:fc394a5b3be980a4062607b8fdddc0843f4fa394152b6da21722f5d59013c220"
            ],
            "index": "pypi",
            "markers": "python_version >= '3.10'",
            "version": "==1.38.0"
        }
    }
}
