{
    "_meta": {
        "hash": {
            "sha256": "c3e41e06ef238f6e16ef3601d5c6a392e36166b0cbf6b394486ec64345bdbc24"
        },
        "pipfile-spec": 6,
        "requires": {},
        "sources": [
            {
                "name": "pypi",
                "url": "https://pypi.org/simple",
                "verify_ssl": true
            }
        ]
    },
    "default": {},
    "develop": {
        "astroid": {
            "hashes": [
                "sha256:52f39653876c7dec3e3afd4c2696920e05c83832b9737afc21928f2d2eb7a753",
                "sha256:986fed8bcf79fb82c78b18a53352a0b287a73817d6dbcfba3162da36667c49a0"
            ],
            "markers": "python_full_version >= '3.10.0'",
            "version": "==4.0.4"
        },
        "autopep8": {
            "hashes": [
                "sha256:89440a4f969197b69a995e4ce0661b031f455a9f776d2c5ba3dbd83466931758",
                "sha256:ce8ad498672c845a0c3de2629c15b635ec2b05ef8177a6e7c91c74f3e9b51128"
            ],
            "index": "pypi",
            "markers": "python_version >= '3.9'",
            "version": "==2.3.2"
        },
        "coverage": {
            "extras": [
                "toml"
            ],
            "hashes": [
                "sha256:00cbdc5e322927dc30c5e42b863819b1bb867cc66f26ab5372c585850876ab93",
                "sha256:0b273f4ff657446a06c2d85bf80e134fa869a92852ba5f87854a70e1fb44da77",
                "sha256:0d2e1f2cbbf36b842f3e2aff8d118c60d677adb498bc6c7fa9c6838738f82767",
                "sha256:1182eed05674c63d40951fae27c43e822749f04d25f75df64c2e4fa3168678de",
                "sha256:12d555badc462b0f6037ce8bec8b4af8d71f90eb55b57d0a358731f7ee7883e2",
                "sha256:179fbf847e6c3d90ea71bfd570fe57f1ddb1c51474754894871c1e11099efaa0",
                "sha256:1e3bb08ad574bd9fb6a991f645728f70d333c1c1958dd5fcde65e24cb862813d",
                "sha256:21081739f6264cc594cad2d42b62befbd17633824022866c68720eb0c4b8d6b4",
                "sha256:22119e2e3b2ac5ac024d50131fdd4b22ab4c6cf8aa2fc792cce73c0d94c5812d",
                "sha256:225e359bd5dedaff6d68e36091af20555866c557d968167308b677379bf575c3",
                "sha256:228e172a76c428bb17d1ab78a2ff188990b0597e5dbd291f52a4edf7412de049",
                "sha256:2395869280554a1941da904423c12660c39f721315e1c02d076a7fe0971382f0",
                "sha256:2400591f4b2e33746c70846388f8bb4c7e33b820e31cb8c6cb2f25305310438b",
                "sha256:24f3b21840c3eb76cef3cc70b2bf6649010c64471a84a446538a39306e1ba04d",
                "sha256:25c77560309f157e7b7ee8fe0bf78d047ba900b7ae42f0e50e559305b366fea2",
                "sha256:28743dad31622e8c474b17446118037361f5b1f4f2ecdf72d4f6fde246d64446",
                "sha256:2b0807f1f051dd82a234ad6acdb6f1425baede60be1e84e862496c8cc9262ab9",
                "sha256:2e557178799282269412a672e5753f2179edfe1b3f0f19b0c98f8e72d482326a",
                "sha256:3088cce65e54c2eefc08e7e1ca0b0acec1e95e8cf084ac848599103ed0367f74",
                "sha256:3a82b2ceee91ba353e59fe2436d8a9eae799ff9825e5385423ea205d693e2949",
                "sha256:3db264ea689f9e8f9fa4fb9005fee4048c3bff4a547f4cfa27f5086cb0804ec0",
                "sha256:3fe9be1c527497d047f770d88a0110189714c36383bb88384508f750c302bffa",
                "sha256:447f5421ccf5475956cf516d4ca1d575f487947b6f4e11f9d80c6aefe24b3dc8",
                "sha256:44c41eff9e413fed8740eca75d5438ebeb9d3e45e7cd37c67329213e7a72c764",
                "sha256:494880c9e60782610683f4eb9b65cce4f886673596b8f3cb2dfa079fc551c743",
                "sha256:4d608dc36a364dce33acbf4fc3a50f9d2054c945f233bb0a2cdb4b90bfa17646",
                "sha256:4df21bef8b800eebda9018f53d49c9ace3aeb0090c850139b27923aafcb83e91",
                "sha256:4e869d4799674d67778e76ddbe2e26cf1673369262e231a8ec259421b1015fea",
                "sha256:50951e37033c40548d777b8a8454a2cd622dba1136780065678dccaec307c47f",
                "sha256:5318dd51b8600b947e058cf5a4fe54d183d9d13c49b97b64ca7be05a34df9bef",
                "sha256:54146bafb61f3ba9895b43af0dd17eba01561d586d44ce84ea221b0cbbee5a9e",
                "sha256:5459ba486b2a5d58a6c05254779ecdf525e7f20174d0210ceda75ba40fdb8f2c",
                "sha256:5c9fce9f4998b0d50a753da765b9215a14decc7863822c89d72da7a89ca625b3",
                "sha256:5cba0c9c13e35c86df7998f1afaf6b1da224a3a39e4da59bdabf60c148046dcb",
                "sha256:5f3f854ab4599d98f7799ac9b91e34e8ec9ebc9a6372ee8c1f3413a68cc8b5e9",
                "sha256:60874e5bd67f0b1bdbe42ab42c7bafa66a6fb8de88721af6df3f7a02713960cd",
                "sha256:61a01f8c3804760fcc5a3d31c4f3cab792d660d44e17bf7adeaf0ea51e07821e",
                "sha256:63a4ff67364afb2cac826b8bbd78a5c50ce656a7b7137436b44d7b96a9271088",
                "sha256:6433fafb8da0e1d02eb53411e0ecdadb6b88f0224fdc23317e703c0e88937d42",
                "sha256:64d0845f9c3ed47302bed265c15ab4dbb64aa4ec1490839b8e328f4e7fa914d2",
                "sha256:66591c46bdd2971d3ae2bc503a5f0459c2edcaf6b7e045b292000cc95bc6cb95",
                "sha256:68ea6c947375982ae907e19e9d2ef156bd6e68e11f3566dd568d7f4ec974e715",
                "sha256:696fc7a28bbf717aba8d2c6963d26702945c7832cb313ba3b323aa5b1afb3156",
                "sha256:69bc14684f8fbbee9f9dbaa4fe79719b0da9725fc37956785c06ec365acf6926",
                "sha256:6e95e42856509675fe26560310313a6117640e96f9a1e19bb3d220116a27c94c",
                "sha256:718d366251b060c10731c7dd359de6caea72250036eb94576aa56dacbf830a11",
                "sha256:722dbf8e7828fbcfe0dc8586167dc0a5ce85ad6ea171dbb21ed3f8d6581d3cb8",
                "sha256:75268348fee1f199653b8a846262aec5581c6bb008c4f58824959fb708cc688f",
                "sha256:767feb87c5886d781d0a69fafd450a20826ddab7b79bce1665deb64d21441b60",
                "sha256:7835176988cbcf1f014db683bc33aa15e0558e412bf08deaa99757335b88df15",
                "sha256:79a3e32e83227d83d9684459ed579769b56c369ac2d7313099b2d9e031d2e10f",
                "sha256:7a0c77ef8cd483a4987a5d12d1d9d5f7ee598dfdc6c0844417d847e5768dc779",
                "sha256:7a47e2a0a0ace9241e70ee00e44520f88b843094603dd54303f1bafecd929c30",
                "sha256:81760de3155d7f52c21860c4046628dc6bed182f72e3c028e2b4fd46f65aa040",
                "sha256:835528518a1d823cf336740324b2f335f7c01e609e74abcb5d5163b3e66661e3",
                "sha256:93ff57c530f3fa7aa69f92fb9b8892b8aa82712aa970842f4abf28657f42fb57",
                "sha256:9490d43e5d041fdf376770a886a29722adb05f6b9c21a65c48c81fc8f1c33fd7",
                "sha256:95bad94f83807ae60ed76f3ac012f69b2605ac9ea81bee959a5a483f7fa09c10",
                "sha256:95bf3e7f26f792e25eb185f85a5a659d48479265176dcfe22b6f334fd0081b5c",
                "sha256:974471c506c9f5758808b47c1ebf7949ecd0848f5c1020e78675fefe5ff46866",
                "sha256:9e5860eaff02a0b7f1b73304bdf846596ee62ab3a78d25c68044ebf684cb1fef",
                "sha256:a1b82490577f3889950b5a04f18712aef0207243e0749d60fe28c3c73ebfd5fd",
                "sha256:a65e09efb0b5ab21fc54a8a65c5b2e533c0a4c0d064af0259a005dc656dc1b13",
                "sha256:abad631cba27094b4631993f4c72e89ac0ca1b3a0236c7abaf8ca79aea619851",
                "sha256:ae7ea5a4614acf399ef0483c4cb34f8f8f01df848d8fcbe7d3ce0865733f1c4d",
                "sha256:af000dd1bb859ff8066fda4c79512ff938c798116540307226b373099c7b151f",
                "sha256:b47ea0a1d3a3d089826c6cbfad8429d7d8872e28e86baa95ddef330f6875da21",
                "sha256:b51f279a2477b0e1f288b98f141fd227acfdd1d3f0370400e473788879b47871",
                "sha256:c0c4b0d7c4cd56e470d0c9d8441f42e8a96cdfd95050fec027f1d4dd9f11006c",
                "sha256:c4398918c4fda32718191239e451fd86ac5ad1e8979b592f1921ee2d1f038965",
                "sha256:c4e2cf9cf774939b3dc581c6e31dfe7e8d7608b24f0f17524d6161f8235c3d2c",
                "sha256:c4fc90a60154c3e4b8a2dc206d6dbe852f1c235c249e0dc0cef909d032c9591a",
                "sha256:c59209f80a08dbfcdd5109a80dc623cd3b9d22895c85757d34f57a6e6e95570f",
                "sha256:c995bfa383c54704839b6c4c2627a1c00895597ada0e5e8190c81d8bd620555c",
                "sha256:caa64458b81b18bfc67cdf1f6dc02b23e3edc672f2f8e11771fad75865415a43",
                "sha256:cea1b3e19d710f67e2ba9ce0b0b51032c2a9b4808a65ced48ddf336ef7e58058",
                "sha256:cea9fb33887c99349996266f1fd60abe5af3577a90633392001d27ef46b4b66e",
                "sha256:d2e1acb7aee29dfa8f3e48c23f36670898baca1209d9bdd3985a50c7f982165e",
                "sha256:d8d6df7aeb5bc464040bbc9ae173d875785d3677ebc4307817997d622d74225e",
                "sha256:da78fa6fc7dafe4212839173133ee85afcf42c5cd5f3e47fa7c1c210453b445e",
                "sha256:daea8c4fafa22488600405be2c2be525a9406fba3fc0a83acc726db3e14e2005",
                "sha256:db567b02685f26034adcbd85055f80d12cdf02111b8ed00886093d98b2874ce2",
                "sha256:f24896dc8863167f6732f4142f5d37e6195eccc8fe5fe528d35d49597d29fdb3",
                "sha256:f25bb884814a892948b4c20394db3f2364dd452d9492736479e7a493e63b0eb6",
                "sha256:f863856c1779d4a5bb6a94698a2f9073e09c6706501f76f3e7780e72df97d21c",
                "sha256:f9147be876e9d83765e0b82176674dc248a6b9283e25e01e7462611b97e9b731",
                "sha256:f92df943c24b96cb215ca26b4f6a2283e63c5db80f1635aceea7fff11311917b",
                "sha256:fa1bbaa502a6e877f3ee67cbac3eba2bb637f623e454e6c37b81b38896dbd48f",
                "sha256:fa7b17902c3c1dd8a7adb52679b7f6340bba08443d710c8838e04db8cf62be2a",
                "sha256:fcbe83fb7258eacd293bf5322d88807acb35ed12a5cfa99dd8215c083e3b0235",
                "sha256:fe578952b1b29fe8c777f43f241d49efac4b56724a3434f5d22ebe3c208df429"
            ],
            "index": "pypi",
            "markers": "python_version >= '3.10'",
            "version": "==7.15.3"
        },
        "dill": {
            "hashes": [
                "sha256:1e1ce33e978ae97fcfcff5638477032b801c46c7c65cf717f95fbc2248f79a9d",
                "sha256:423092df4182177d4d8ba8290c8a5b640c66ab35ec7da59ccfa00f6fa3eea5fa"
            ],
            "markers": "python_version >= '3.9'",
            "version": "==0.4.1"
        },
        "flake8": {
            "hashes": [
                "sha256:b9696257b9ce8beb888cdbe31cf885c90d31928fe202be0889a7cdafad32f01e",
                "sha256:fe044858146b9fc69b551a4b490d69cf960fcb78ad1edcb84e7fbb1b4a8e3872"
            ],
            "index": "pypi",
            "markers": "python_version >= '3.9'",
            "version": "==7.3.0"
        },
        "iniconfig": {
            "hashes": [
                "sha256:c76315c77db068650d49c5b56314774a7804df16fee4402c1f19d6d15d8c4730",
                "sha256:f631c04d2c48c52b84d0d0549c99ff3859c98df65b3101406327ecc7d53fbf12"
            ],
            "markers": "python_version >= '3.10'",
            "version": "==2.3.0"
        },
        "isort": {
            "hashes": [
                "sha256:171ac4ff559cdc060bcfff550bc8404a486fee0caab245679c2abe7cb253c78d",
                "sha256:28b89bc70f751b559aeca209e6120393d43fbe2490de0559662be7a9787e3d75"
            ],
            "markers": "python_full_version >= '3.10.0'",
            "version": "==8.0.1"
        },
        "mccabe": {
            "hashes": [
                "sha256:348e0240c33b60bbdf4e523192ef919f28cb2c3d7d5c7794f74009290f236325",
                "sha256:6c2d30ab6be0e4a46919781807b4f0d834ebdd6c6e3dca0bda5a15f863427b6e"
            ],
            "markers": "python_version >= '3.6'",
            "version": "==0.7.0"
        },
        "nodeenv": {
            "hashes": [
                "sha256:5bb13e3eed2923615535339b3c620e76779af4cb4c6a90deccc9e36b274d3827",
                "sha256:996c191ad80897d076bdfba80a41994c2b47c68e224c542b48feba42ba00f8bb"
            ],
            "markers": "python_version >= '2.7' and python_version not in '3.0, 3.1, 3.2, 3.3, 3.4, 3.5, 3.6'",
            "version": "==1.10.0"
        },
        "packaging": {
            "hashes": [
                "sha256:5fc45236b9446107ff2415ce77c807cee2862cb6fac22b8a73826d0693b0980e",
                "sha256:ff452ff5a3e828ce110190feff1178bb1f2ea2281fa2075aadb987c2fb221661"
            ],
            "markers": "python_version >= '3.8'",
            "version": "==26.2"
        },
        "pathspec": {
            "hashes": [
                "sha256:17db5ecd524104a120e173814c90367a96a98d07c45b2e10c2f3919fff91bf5a",
                "sha256:a00ce642f577bf7f473932318056212bc4f8bfdf53128c78bbd5af0b9b20b189"
            ],
            "markers": "python_version >= '3.9'",
            "version": "==1.1.1"
        },
        "platformdirs": {
            "hashes": [
                "sha256:0555d18370482847566ffabcaa53ad7c6c1c29f195989ae1ed634a05f76ea1e0",
                "sha256:360ccded2b7fce0af0ff80cc8f5942a1c5d99b0e856033acb030bfc634709e74"
            ],
            "markers": "python_version >= '3.10'",
            "version": "==4.11.0"
        },
        "pluggy": {
            "hashes": [
                "sha256:7dcc130b76258d33b90f61b658791dede3486c3e6bfb003ee5c9bfb396dd22f3",
                "sha256:e920276dd6813095e9377c0bc5566d94c932c33b27a3e3945d8389c374dd4746"
            ],
            "markers": "python_version >= '3.9'",
            "version": "==1.6.0"
        },
        "pycodestyle": {
            "hashes": [
                "sha256:c4b5b517d278089ff9d0abdec919cd97262a3367449ea1c8b49b91529167b783",
                "sha256:dd6bf7cb4ee77f8e016f9c8e74a35ddd9f67e1d5fd4184d86c3b98e07099f42d"
            ],
            "index": "pypi",
            "markers": "python_version >= '3.9'",
            "version": "==2.14.0"
        },
        "pyflakes": {
            "hashes": [
                "sha256:b24f96fafb7d2ab0ec5075b7350b3d2d2218eab42003821c06344973d3ea2f58",
                "sha256:f742a7dbd0d9cb9ea41e9a24a918996e8170c799fa528688d40dd582c8265f4f"
            ],
            "index": "pypi",
            "markers": "python_version >= '3.9'",
            "version": "==3.4.0"
        },
        "pygments": {
            "hashes": [
                "sha256:6757cd03768053ff99f3039c1a36d6c0aa0b263438fcab17520b30a303a82b5f",
                "sha256:81a9e26dd42fd28a23a2d169d86d7ac03b46e2f8b59ed4698fb4785f946d0176"
            ],
            "markers": "python_version >= '3.9'",
            "version": "==2.20.0"
        },
        "pylint": {
            "hashes": [
                "sha256:52f19191bee08bf103f9705ad1a0ece4aa5a0a4ef2bdcbd969375a1e6f6579d5",
                "sha256:d11a0e1fdb7b1cd46ec5d6fc78fee8b95f28695b2d6140e5809925f61e32ea54"
            ],
            "index": "pypi",
            "markers": "python_full_version >= '3.10.0'",
            "version": "==4.0.6"
        },
        "pyright": {
            "hashes": [
                "sha256:d885a0551f2e763b089a02702174e7f4ba77548cddabc972ab86d1f7f1b0f998",
                "sha256:dc7c72a8e2700c55baa127554040e067041ea53ccfd50bf96308cc4291c7d5d9"
            ],
            "index": "pypi",
            "markers": "python_version >= '3.7'",
            "version": "==1.1.411"
        },
        "pytest": {
            "hashes": [
                "sha256:1088fbde8f2b49d95a549a195707afa7a76a3ce9bcadc26b6d71f0ffda5fe313",
                "sha256:37a86b45efb9a47a61a36449063e8e18d0cab3161329fc099eb21783169c4f0c"
            ],
            "index": "pypi",
            "markers": "python_version >= '3.10'",
            "version": "==9.1.1"
        },
        "pytest-cov": {
            "hashes": [
                "sha256:30674f2b5f6351aa09702a9c8c364f6a01c27aae0c1366ae8016160d1efc56b2",
                "sha256:a0461110b7865f9a271aa1b51e516c9a95de9d696734a2f71e3e78f46e1d4678"
            ],
            "index": "pypi",
            "markers": "python_version >= '3.9'",
            "version": "==7.1.0"
        },
        "pyyaml": {
            "hashes": [
                "sha256:00c4bdeba853cc34e7dd471f16b4114f4162dc03e6b7afcc2128711f0eca823c",
                "sha256:0150219816b6a1fa26fb4699fb7daa9caf09eb1999f3b70fb6e786805e80375a",
                "sha256:02893d100e99e03eda1c8fd5c441d8c60103fd175728e23e431db1b589cf5ab3",
                "sha256:02ea2dfa234451bbb8772601d7b8e426c2bfa197136796224e50e35a78777956",
                "sha256:0f29edc409a6392443abf94b9cf89ce99889a1dd5376d94316ae5145dfedd5d6",
                "sha256:10892704fc220243f5305762e276552a0395f7beb4dbf9b14ec8fd43b57f126c",
                "sha256:16249ee61e95f858e83976573de0f5b2893b3677ba71c9dd36b9cf8be9ac6d65",
                "sha256:1d37d57ad971609cf3c53ba6a7e365e40660e3be0e5175fa9f2365a379d6095a",
                "sha256:1ebe39cb5fc479422b83de611d14e2c0d3bb2a18bbcb01f229ab3cfbd8fee7a0",
                "sha256:214ed4befebe12df36bcc8bc2b64b396ca31be9304b8f59e25c11cf94a4c033b",
                "sha256:2283a07e2c21a2aa78d9c4442724ec1eb15f5e42a723b99cb3d822d48f5f7ad1",
                "sha256:22ba7cfcad58ef3ecddc7ed1db3409af68d023b7f940da23c6c2a1890976eda6",
                "sha256:27c0abcb4a5dac13684a37f76e701e054692a9b2d3064b70f5e4eb54810553d7",
                "sha256:28c8d926f98f432f88adc23edf2e6d4921ac26fb084b028c733d01868d19007e",
                "sha256:2e71d11abed7344e42a8849600193d15b6def118602c4c176f748e4583246007",
                "sha256:34d5fcd24b8445fadc33f9cf348c1047101756fd760b4dacb5c3e99755703310",
                "sha256:37503bfbfc9d2c40b344d06b2199cf0e96e97957ab1c1b546fd4f87e53e5d3e4",
                "sha256:3c5677e12444c15717b902a5798264fa7909e41153cdf9ef7ad571b704a63dd9",
                "sha256:3ff07ec89bae51176c0549bc4c63aa6202991da2d9a6129d7aef7f1407d3f295",
                "sha256:41715c910c881bc081f1e8872880d3c650acf13dfa8214bad49ed4cede7c34ea",
                "sha256:418cf3f2111bc80e0933b2cd8cd04f286338bb88bdc7bc8e6dd775ebde60b5e0",
                "sha256:44edc647873928551a01e7a563d7452ccdebee747728c1080d881d68af7b997e",
                "sha256:4a2e8cebe2ff6ab7d1050ecd59c25d4c8bd7e6f400f5f82b96557ac0abafd0ac",
                "sha256:4ad1906908f2f5ae4e5a8ddfce73c320c2a1429ec52eafd27138b7f1cbe341c9",
                "sha256:501a031947e3a9025ed4405a168e6ef5ae3126c59f90ce0cd6f2bfc477be31b7",
                "sha256:5190d403f121660ce8d1d2c1bb2ef1bd05b5f68533fc5c2ea899bd15f4399b35",
                "sha256:5498cd1645aa724a7c71c8f378eb29ebe23da2fc0d7a08071d89469bf1d2defb",
                "sha256:5cf4e27da7e3fbed4d6c3d8e797387aaad68102272f8f9752883bc32d61cb87b",
                "sha256:5e0b74767e5f8c593e8c9b5912019159ed0533c70051e9cce3e8b6aa699fcd69",
                "sha256:5ed875a24292240029e4483f9d4a4b8a1ae08843b9c54f43fcc11e404532a8a5",
                "sha256:5fcd34e47f6e0b794d17de1b4ff496c00986e1c83f7ab2fb8fcfe9616ff7477b",
                "sha256:5fdec68f91a0c6739b380c83b951e2c72ac0197ace422360e6d5a959d8d97b2c",
                "sha256:6344df0d5755a2c9a276d4473ae6b90647e216ab4757f8426893b5dd2ac3f369",
                "sha256:64386e5e707d03a7e172c0701abfb7e10f0fb753ee1d773128192742712a98fd",
                "sha256:652cb6edd41e718550aad172851962662ff2681490a8a711af6a4d288dd96824",
                "sha256:66291b10affd76d76f54fad28e22e51719ef9ba22b29e1d7d03d6777a9174198",
                "sha256:66e1674c3ef6f541c35191caae2d429b967b99e02040f5ba928632d9a7f0f065",
                "sha256:6adc77889b628398debc7b65c073bcb99c4a0237b248cacaf3fe8a557563ef6c",
                "sha256:79005a0d97d5ddabfeeea4cf676af11e647e41d81c9a7722a193022accdb6b7c",
                "sha256:7c6610def4f163542a622a73fb39f534f8c101d690126992300bf3207eab9764",
                "sha256:7f047e29dcae44602496db43be01ad42fc6f1cc0d8cd6c83d342306c32270196",
                "sha256:8098f252adfa6c80ab48096053f512f2321f0b998f98150cea9bd23d83e1467b",
                "sha256:850774a7879607d3a6f50d36d04f00ee69e7fc816450e5f7e58d7f17f1ae5c00",
                "sha256:8d1fab6bb153a416f9aeb4b8763bc0f22a5586065f86f7664fc23339fc1c1fac",
                "sha256:8da9669d359f02c0b91ccc01cac4a67f16afec0dac22c2ad09f46bee0697eba8",
                "sha256:8dc52c23056b9ddd46818a57b78404882310fb473d63f17b07d5c40421e47f8e",
                "sha256:9149cad251584d5fb4981be1ecde53a1ca46c891a79788c0df828d2f166bda28",
                "sha256:93dda82c9c22deb0a405ea4dc5f2d0cda384168e466364dec6255b293923b2f3",
                "sha256:96b533f0e99f6579b3d4d4995707cf36df9100d67e0c8303a0c55b27b5f99bc5",
                "sha256:9c57bb8c96f6d1808c030b1687b9b5fb476abaa47f0db9c0101f5e9f394e97f4",
                "sha256:9c7708761fccb9397fe64bbc0395abcae8c4bf7b0eac081e12b809bf47700d0b",
                "sha256:9f3bfb4965eb874431221a3ff3fdcddc7e74e3b07799e0e84ca4a0f867d449bf",
                "sha256:a33284e20b78bd4a18c8c2282d549d10bc8408a2a7ff57653c0cf0b9be0afce5",
                "sha256:a80cb027f6b349846a3bf6d73b5e95e782175e52f22108cfa17876aaeff93702",
                "sha256:b30236e45cf30d2b8e7b3e85881719e98507abed1011bf463a8fa23e9c3e98a8",
                "sha256:b3bc83488de33889877a0f2543ade9f70c67d66d9ebb4ac959502e12de895788",
                "sha256:b865addae83924361678b652338317d1bd7e79b1f4596f96b96c77a5a34b34da",
                "sha256:b8bb0864c5a28024fac8a632c443c87c5aa6f215c0b126c449ae1a150412f31d",
                "sha256:ba1cc08a7ccde2d2ec775841541641e4548226580ab850948cbfda66a1befcdc",
                "sha256:bdb2c67c6c1390b63c6ff89f210c8fd09d9a1217a465701eac7316313c915e4c",
                "sha256:c1ff362665ae507275af2853520967820d9124984e0f7466736aea23d8611fba",
                "sha256:c2514fceb77bc5e7a2f7adfaa1feb2fb311607c9cb518dbc378688ec73d8292f",
                "sha256:c3355370a2c156cffb25e876646f149d5d68f5e0a3ce86a5084dd0b64a994917",
                "sha256:c458b6d084f9b935061bc36216e8a69a7e293a2f1e68bf956dcd9e6cbcd143f5",
                "sha256:d0eae10f8159e8fdad514efdc92d74fd8d682c933a6dd088030f3834bc8e6b26",
                "sha256:d76623373421df22fb4cf8817020cbb7ef15c725b9d5e45f17e189bfc384190f",
                "sha256:ebc55a14a21cb14062aa4162f906cd962b28e2e9ea38f9b4391244cd8de4ae0b",
                "sha256:eda16858a3cab07b80edaf74336ece1f986ba330fdb8ee0d6c0d68fe82bc96be",
                "sha256:ee2922902c45ae8ccada2c5b501ab86c36525b883eff4255313a253a3160861c",
                "sha256:efd7b85f94a6f21e4932043973a7ba2613b059c4a000551892ac9f1d11f5baf3",
                "sha256:f7057c9a337546edc7973c0d3ba84ddcdf0daa14533c2065749c9075001090e6",
                "sha256:fa160448684b4e94d80416c0fa4aac48967a969efe22931448d853ada8baf926",
                "sha256:fc09d0aa354569bc501d4e787133afc08552722d3ab34836a80547331bb5d4a0"
            ],
            "markers": "python_version >= '3.8'",
            "version": "==6.0.3"
        },
        "tomlkit": {
            "hashes": [
                "sha256:177a05aece5a8ca5266fd3c448abb47b8d352f09d477d3ca8332db4d89b24304",
                "sha256:e25bbf38843005246210a12982776f27f99cb9be67160e14434d0c0d21ee1e97"
            ],
            "markers": "python_version >= '3.9'",
            "version": "==0.15.1"
        },
        "typing-extensions": {
            "hashes": [
                "sha256:481caa481374e813c1b176ada14e97f1f67a4539ce9cfeb3f350d78d6370c2e8",
                "sha256:dc983d19a509c94dba722ee6abd33940f7c05a89e243c47e907eb4db6f1a43e5"
            ],
            "markers": "python_version >= '3.9'",
            "version": "==4.16.0"
        },
        "yamllint": {
            "hashes": [
                "sha256:09e5f29531daab93366bb061e76019d5e91691ef0a40328f04c927387d1d364d",
                "sha256:fc394a5b3be980a4062607b8fdddc0843f4fa394152b6da21722f5d59013c220"
            ],
            "index": "pypi",
            "markers": "python_version >= '3.10'",
            "version": "==1.38.0"
        }
    }
}
