{
    "_meta": {
        "hash": {
            "sha256": "5eb7567126b5096241a9fc618c248c45ac6c3a0ab924067ac3f9176e431cc082"
        },
        "pipfile-spec": 6,
        "requires": {},
        "sources": [
            {
                "name": "pypi",
                "url": "https://pypi.org/simple",
                "verify_ssl": true
            }
        ]
    },
    "default": {},
    "develop": {
        "astroid": {
            "hashes": [
                "sha256:52f39653876c7dec3e3afd4c2696920e05c83832b9737afc21928f2d2eb7a753",
                "sha256:986fed8bcf79fb82c78b18a53352a0b287a73817d6dbcfba3162da36667c49a0"
            ],
            "index": "pypi",
            "markers": "python_full_version >= '3.10.0'",
            "version": "==4.0.4"
        },
        "attrs": {
            "hashes": [
                "sha256:c647aa4a12dfbad9333ca4e71fe62ddc36f4e63b2d260a37a8b83d2f043ac309",
                "sha256:d03ceb89cb322a8fd706d4fb91940737b6642aa36998fe130a9bc96c985eff32"
            ],
            "index": "pypi",
            "markers": "python_version >= '3.9'",
            "version": "==26.1.0"
        },
        "autopep8": {
            "hashes": [
                "sha256:89440a4f969197b69a995e4ce0661b031f455a9f776d2c5ba3dbd83466931758",
                "sha256:ce8ad498672c845a0c3de2629c15b635ec2b05ef8177a6e7c91c74f3e9b51128"
            ],
            "index": "pypi",
            "markers": "python_version >= '3.9'",
            "version": "==2.3.2"
        },
        "coverage": {
            "extras": [
                "toml"
            ],
            "hashes": [
                "sha256:0177614a0370f227888b4e436a7c55686d6a9f90eb1ade2b624ba685a1686e86",
                "sha256:01b7733daad0237daa01ef80fe2dfceffc911e6a17fa7b55d14aa8214eaaaecd",
                "sha256:03a6f93c1ec3b7f2e77b5dbcc5573a2c21f12529a5c6bbe0f16f72303cc2fa4d",
                "sha256:042c46ded7c288aeb07cf14a28b6c1e10b78fcba40171c3fa1e939377eeef0b5",
                "sha256:06144cd511cf2624873a035c5069cf297144f6e77a73ee3d7a55b605ec5efb42",
                "sha256:07c6290b1697b862c0478eab545eec949a0d0e4d6d03497f446d706da3b4f2de",
                "sha256:10274a1fbeb8ec5d72966e17bb198a3104257aca4ac09d98667c5f8aca8c8548",
                "sha256:1101a5ebb083aecb625ebb6209d4105b58f647b093cb2dc8122d7b33f743cfe1",
                "sha256:114c95ef29302423b87d159075805f4ab973254a2638a5d7d046c94887cc87d7",
                "sha256:1238cb94638e610e972c60dac68e813f868dc7d6e982535270558443058d9d59",
                "sha256:12c42ec1e14f553c4f817e989365982e646e27211f10a0f717855b94a79c8906",
                "sha256:145986fe66647eb489f18d9a997567a3fd358584c4b5a808769113abc07466af",
                "sha256:17a5a241e5997621a956a7f402a7433ef4221e5152809b785bec79e2323799f1",
                "sha256:1896f5e19ff3f0431c7ce2172adc54890fd97f86b59ced8ca1649145d9ffe35d",
                "sha256:196a13319ad88d6d8ef5ab489ec4f44ddde2143c0c7d5b27786f6c3ffd56a7e1",
                "sha256:221c70f316241a78e77e607c227cefc8808d4e08f28d99c04f35694690e940be",
                "sha256:2222be86d0b54f5dd5a38f45f17f315f737245e857bf0bdedc70734f84a13c02",
                "sha256:2224f89ffd0c5605ccce1ed7a584da162bc7c55f601ab1c946bc9de31a486b42",
                "sha256:23bf7fa51ac02e07fc7c96849b82946da47ae862dc8f86d183b2a4864fc38129",
                "sha256:2d69af5dea2de76fc485a83032a630523f985198b7e25be901ec60181587b01e",
                "sha256:30c08f7d90415aa98b3c990385dea2939b0da55f38515e5b369b83655f8523be",
                "sha256:357d4e32935c36588aaba057d734fa32428c360c9fc2e4442afbf1b646beee6e",
                "sha256:35ab22d91de736e8966b980dc355cbcdd2c6dbbcfe275f9a2991bc8a91b3df65",
                "sha256:370c5afae3fa0658e11694a32b24c2778f6bc2d17718121f94ee185e69f26b54",
                "sha256:3758dd0a7f1fa57365ef2e781df0f0731d38b6e3772259d13dae4bd8a958d4b1",
                "sha256:39b21e212c55af06fa375e3dbf90a8a8e38792f3a910c580066d23563830ddd5",
                "sha256:3a56abc20a472baf0304c455721bc601477440d28ecfde8a03dde79ede07e0df",
                "sha256:3c18ebc343e15be53049b3a2dce38fe82d58f37e20ab9094b3a39c0aa4f6bb47",
                "sha256:3d452fd08b5c72c5167c93e6867b5c08500bd40f2a21e1e854a500550b6cc36f",
                "sha256:3e3680291c4a1d0dadfa84a2c459576a4af5133abb617905714339a0c73138cf",
                "sha256:442cc9c952b2df400cda54bb04ab87330cf2cd08a8692cbbea36773531eb6f37",
                "sha256:46f714d2fb8ae2f4f29f23ada7f1e79b759fff5a70f94a1dac23af204c3ec9e4",
                "sha256:478b5bcd63c2e1357c5c7e16c070690df7b07f676b1c114d7b93e533c664309f",
                "sha256:48b283b1dd6372e8de2a7a9a4c4d5dc06f4d4fd209b876f3c88a7a205a0c8f84",
                "sha256:4a28fd227808366b196a75476dced2eb35b351d6766ba9c858dc93319e87f4f1",
                "sha256:4ea1c034f95c9b056e856b794630b17f9fa3d57e4800ff1e503d3be0f9c9078c",
                "sha256:51bd64741cc6fa065abd300ede1afe5a5291ece9c31da8b24884deda48bcc3f8",
                "sha256:54acdb6674a4661768d7bf7db32dfb9f46ab1d764f8aba6df75ce1a6a088724e",
                "sha256:59baf88468dbc8d63b1887afd92bda52e40bb1561696e5819670601403810cec",
                "sha256:5a1c5215be81035e629d5bc756650634d0bf31991038db7a0eccb90f025ce16d",
                "sha256:5b0c99ba93a07d56f6df340bb79be53202a082b2fdb81bfe6190b741a3470d54",
                "sha256:5ea0c297e27133853b4d8a3eb799bff5a2dbd9f2f41537a240d337ac9b4df890",
                "sha256:5f0cfc27c539f07cf5c0a4cfe211d0b6cae039f8f40526dbaa71944e64b50a7b",
                "sha256:6223a72fd0e4c7156353ec0f08a5f93623e1d3034d0e2683b9bb8ea674131b1d",
                "sha256:62a9f70b52e0b5a95cfef4a5c5641b06983cadc5e538a3feeb5c00211f523ac2",
                "sha256:62fd185ef9df3c33d1c8178c5af105f762afbad96038de9a4ae100aa6297ca33",
                "sha256:6a3cb83d1552c0cd1b4906655b6a33fd4a8473229633a901c6b73bf86914dee9",
                "sha256:6adc5a36984624a70bf11d7184e20fa0a49aa7c47ffab43804106a1a695ea22e",
                "sha256:6b6b0853b895fe0e98cbfc580d1ec3393d9302b4b1e96a77b3f5c91fdab899e6",
                "sha256:6ff665fb023a77386fe11685190cee1f60a7d635994a30d9b0a061533d470fce",
                "sha256:7279d2110a28cebc738b6459ecda2771735a4c18465fbbd36b3288fe5ed92247",
                "sha256:76a085d7005236a767e3426148b2c407e53ad61695c562f8a81da2d373324901",
                "sha256:7771b601718fdde84832c3a434ca9bbf4ae9adbc49d84198b4110700c3c77c36",
                "sha256:79058c47dae6788504b5effb319961bcd72d7240551464b91d474bc0ed186d69",
                "sha256:7af486dabe8954d03b087f0021540897afe084f04e16ff5579e08cc46f871416",
                "sha256:7f02d09f70776579b926d889a4c9c235070a1f47c40458aeaca563fae5acfdb5",
                "sha256:8011224a62280e50dab346960c03cf47aca1a1e09e608c0fb33fd6e0cc8e9500",
                "sha256:8270544c361ed405a27a060dbc9ed2c124b084d96dfdc2d9a2510482aef981ad",
                "sha256:84ac9499e48700399a5dd0ea7085b5091961fec52c68d66b4ec0d3cf7f4441b1",
                "sha256:84b535f00655ecafe1d929d1fb00ed5d6fa3051ea643ab2c161a3887b86f294b",
                "sha256:851b9e1e4e8a4608e77c79714b2e77c0970d2ed7202a05e92ae407817481887b",
                "sha256:85e85586565842f6932abebd4c18bcb1074223dc0b3576e7d173ca710622813a",
                "sha256:87ebdf787d4888e3f3f2d523eadc6e18c6d18c6d0eb173801a189641627fb37e",
                "sha256:8a3ce026d73290f42f08dafecbd82c193a74df280461fbf97300fec51fd133ee",
                "sha256:9132cd363a68a4c3daa7c8704a654b1e39d3360f6f5b8ddd470608a945236c07",
                "sha256:99cd41ff91afd94896fea3bc002706b6ae4ce95727d06e4a0f39c0a8d8bd8b1a",
                "sha256:9eeb3fcbc13ba40dfbdb22d01d196a28e9cef9ed4c29b60061a1e0e823a9929d",
                "sha256:a06c76364a9360e33d6d23769aefdf7f66f38e2ffb60ceb1baaa4989d83b695c",
                "sha256:a07891c3f4805442b31b71e84ba3cf29ed1aa9a428284e06deeb4b23e5b46343",
                "sha256:a24a81f9715ee42ef59a316cc11611c98fe23920f7c81861315c9f3ff4a230f4",
                "sha256:a252f21c27e38347e60111a3266b03827422a7d5525951aceee313aa68bab1d2",
                "sha256:a311d8e1da24be5c1ccf85cbfb06315dbaa1703d5a1eab3f6432c72b837917c8",
                "sha256:a5274669f37f2343635a347b91a60777621341ab3378e9c6ac9335eee704bddf",
                "sha256:aa5e304a873fabddc11e484e9b6b738bd38bd7bed17b09aa84eecf5332e8b8bb",
                "sha256:ab4af6352741a604c431c6072fce5bee33bf0f20dc7a56618d6bf6bb89e9810c",
                "sha256:b553d04b5e778a8e56d57eb134aff42a92718ecba45e79c4764ecfa40efd92ff",
                "sha256:b84800013769a78ccb9ef4659402e26d06867e337b61ec365f77ad008adea80e",
                "sha256:b84ffdf877644e7096aa936991efeed873f7f3df57b9cd001312b7668ab08550",
                "sha256:bcaa50684dcaadfa599ac48f81103c756d791cfd85c97203d2217c593d48b860",
                "sha256:be9f2c802dcfce3f71298303aa5dad0dce440a76c52f2f60dacd8656dab78793",
                "sha256:c643734307300234fafa36bf2a040a7235f8f177ea1fd6ec1423aea6fb7b929f",
                "sha256:c79cead5b5bc584d9c71451cb984d0e3a84e0c0937379c8efcbf27c8d661b851",
                "sha256:c7e057326434e441306226fbeb5d1aaf14a2637efe97ba668306635835f32ad7",
                "sha256:c912c259304cfb5ee584481cfb7ce1ff932b4d61e6c9140b8f19cb7b5ed82332",
                "sha256:ce66d8e46da2bb5ee313a745cbd2e391d319176c1f7a9451bfcd3a2fb920859b",
                "sha256:ced2f09ef276fd58611a1ef502164ad266d2b75174e5a40cabbdb4033f9f6cf2",
                "sha256:cfe5a5fec635799ef33428f1e5e61bafa45a92a96190ba731561ba558ccc214d",
                "sha256:d13e6725992e2d2fd7d81d4f5241952d13740121dfd501da09201be39b2c003a",
                "sha256:d34d75f892b3ab73ba11cab5442cce7b3e168fd64162b16f0e1e0d09c508edef",
                "sha256:d5b89cdfb2ee051b71e8c3c70bd81a9eff81100f736a269136fe1a68efe00474",
                "sha256:d5ed429d0b8edaac649e889b4ffcedb6c80b06629a3f93050e3dddfb99235bee",
                "sha256:da028256b04ec30e5e0114b6f76172938c313991f0a2d3d894271315cf5d5e43",
                "sha256:dcbf65f1f66a26cdd88c35cf68fb4729c5d1cd2e88added72420541dfb212034",
                "sha256:dd34767fa19848d35659ffc0a75314f58c7af3f1cd87ec521e8292a1238398a3",
                "sha256:ddf799247318f34dbcd2efa8c95a8d0642674e926bb1774cf9b63dfd2a389d1c",
                "sha256:de286598cc65d2b489411174b1faec2f5a7775fb3201fd925db2a76b4030f37d",
                "sha256:e471bc5769ff073b058cfadb0d736b56ce067c8560eabeb0da88462df98c23e7",
                "sha256:e854312c4103f2ad4c0dc023b69b77ebfd2c89db5f86c4c94dc2353f9a92167e",
                "sha256:ea8cd6ca0ee9f616aaef3afc6882e32c2cbf18b00d96313ffd76af650574034d",
                "sha256:f2302660e32562a532b442480121aef8aa61a5bdb20b30bf0adab29f10a5a4b4",
                "sha256:f497a1ea81d4cd7c10ddcaa685135b9aabd291af3d55775a9ddf3cb7a364cdd9",
                "sha256:f4ddbe407477f04c45115d1a4e5bc480f753553b534d338d4c3358b1cdd0ea52",
                "sha256:f747dc8edcfe740130f28f32f3995e955494285717e86ee25af51db2219df08a",
                "sha256:fad54e871165f6ec2f536063ac74c3104508a12963e64072ba44bd822de52b0c",
                "sha256:fc459e5d73be2d6332fcfe8dbf3d8994671fe33c700f4565988ecfa511547253",
                "sha256:fd86572566fb40189a8260446158235159bc7a82dfbc87a3b39cf4fb57fcec1c"
            ],
            "index": "pypi",
            "markers": "python_version >= '3.10'",
            "version": "==7.14.1"
        },
        "dill": {
            "hashes": [
                "sha256:1e1ce33e978ae97fcfcff5638477032b801c46c7c65cf717f95fbc2248f79a9d",
                "sha256:423092df4182177d4d8ba8290c8a5b640c66ab35ec7da59ccfa00f6fa3eea5fa"
            ],
            "index": "pypi",
            "markers": "python_version >= '3.9'",
            "version": "==0.4.1"
        },
        "exceptiongroup": {
            "hashes": [
                "sha256:8b412432c6055b0b7d14c310000ae93352ed6754f70fa8f7c34141f91c4e3219",
                "sha256:a7a39a3bd276781e98394987d3a5701d0c4edffb633bb7a5144577f82c773598"
            ],
            "index": "pypi",
            "markers": "python_version >= '3.7'",
            "version": "==1.3.1"
        },
        "flake8": {
            "hashes": [
                "sha256:b9696257b9ce8beb888cdbe31cf885c90d31928fe202be0889a7cdafad32f01e",
                "sha256:fe044858146b9fc69b551a4b490d69cf960fcb78ad1edcb84e7fbb1b4a8e3872"
            ],
            "index": "pypi",
            "markers": "python_version >= '3.9'",
            "version": "==7.3.0"
        },
        "iniconfig": {
            "hashes": [
                "sha256:c76315c77db068650d49c5b56314774a7804df16fee4402c1f19d6d15d8c4730",
                "sha256:f631c04d2c48c52b84d0d0549c99ff3859c98df65b3101406327ecc7d53fbf12"
            ],
            "index": "pypi",
            "markers": "python_version >= '3.10'",
            "version": "==2.3.0"
        },
        "isort": {
            "hashes": [
                "sha256:171ac4ff559cdc060bcfff550bc8404a486fee0caab245679c2abe7cb253c78d",
                "sha256:28b89bc70f751b559aeca209e6120393d43fbe2490de0559662be7a9787e3d75"
            ],
            "index": "pypi",
            "markers": "python_full_version >= '3.10.0'",
            "version": "==8.0.1"
        },
        "lazy-object-proxy": {
            "hashes": [
                "sha256:029d2b355076710505c9545aef5ab3f750d89779310e26ddf2b7b23f6ea03cd8",
                "sha256:08c465fb5cd23527512f9bd7b4c7ba6cec33e28aad36fbbe46bf7b858f9f3f7f",
                "sha256:0a83c6f7a6b2bfc11ef3ed67f8cbe99f8ff500b05655d8e7df9aab993a6abc95",
                "sha256:1192e8c2f1031a6ff453ee40213afa01ba765b3dc861302cd91dbdb2e2660b00",
                "sha256:14e348185adbd03ec17d051e169ec45686dcd840a3779c9d4c10aabe2ca6e1c0",
                "sha256:15400b18893f345857b9e18b9bd87bd06aba84af6ed086187add70aeaa3f93f1",
                "sha256:1cf69cd1a6c7fe2dbcc3edaa017cf010f4192e53796538cc7d5e1fedbfa4bcff",
                "sha256:1f5a462d92fd0cfb82f1fab28b51bfb209fabbe6aabf7f0d51472c0c124c0c61",
                "sha256:256262384ebd2a77b023ad02fbcc9326282bcfd16484d5531154b02bc304f4c5",
                "sha256:31020c84005d3daa4cc0fa5a310af2066efe6b0d82aeebf9ab199292652ff036",
                "sha256:338ab2f132276203e404951205fe80c3fd59429b3a724e7b662b2eb539bb1be9",
                "sha256:3605b632e82a1cbc32a1e5034278a64db555b3496e0795723ee697006b980508",
                "sha256:3d3964fbd326578bcdfffd017ef101b6fb0484f34e731fe060ba9b8816498c36",
                "sha256:424a8ab6695400845c39f13c685050eab69fa0bbac5790b201cd27375e5e41d7",
                "sha256:4a79b909aa16bde8ae606f06e6bbc9d3219d2e57fb3e0076e17879072b742c65",
                "sha256:4ab2c584e3cc8be0dfca422e05ad30a9abe3555ce63e9ab7a559f62f8dbc6ff9",
                "sha256:53c7fd99eb156bbb82cbc5d5188891d8fdd805ba6c1e3b92b90092da2a837073",
                "sha256:563d2ec8e4d4b68ee7848c5ab4d6057a6d703cb7963b342968bb8758dda33a23",
                "sha256:61d5e3310a4aa5792c2b599a7a78ccf8687292c8eb09cf187cca8f09cf6a7519",
                "sha256:6763941dbf97eea6b90f5b06eb4da9418cc088fce0e3883f5816090f9afcde4a",
                "sha256:67f07ab742f1adfb3966c40f630baaa7902be4222a17941f3d85fd1dae5565ff",
                "sha256:717484c309df78cedf48396e420fa57fc8a2b1f06ea889df7248fdd156e58847",
                "sha256:75ba769017b944fcacbf6a80c18b2761a1795b03f8899acdad1f1c39db4409be",
                "sha256:7601ec171c7e8584f8ff3f4e440aa2eebf93e854f04639263875b8c2971f819f",
                "sha256:7b22c2bbfb155706b928ac4d74c1a63ac8552a55ba7fff4445155523ea4067e1",
                "sha256:800f32b00a47c27446a2b767df7538e6c66a3488632c402b4fb2224f9794f3c0",
                "sha256:81d1852fb30fab81696f93db1b1e55a5d1ff7940838191062f5f56987d5fcc3e",
                "sha256:86fd61cb2ba249b9f436d789d1356deae69ad3231dc3c0f17293ac535162672e",
                "sha256:8c40b3c9faee2e32bfce0df4ae63f4e73529766893258eca78548bac801c8f66",
                "sha256:8ee0d6027b760a11cc18281e702c0309dd92da458a74b4c15025d7fc490deede",
                "sha256:997b1d6e10ecc6fb6fe0f2c959791ae59599f41da61d652f6c903d1ee58b7370",
                "sha256:a61095f5d9d1a743e1e20ec6d6db6c2ca511961777257ebd9b288951b23b44fa",
                "sha256:a6b7ea5ea1ffe15059eb44bcbcb258f97bcb40e139b88152c40d07b1a1dfc9ac",
                "sha256:ae575ad9b674d0029fc077c5231b3bc6b433a3d1a62a8c363df96974b5534728",
                "sha256:be5fe974e39ceb0d6c9db0663c0464669cf866b2851c73971409b9566e880eab",
                "sha256:be9045646d83f6c2664c1330904b245ae2371b5c57a3195e4028aedc9f999655",
                "sha256:c1ca33565f698ac1aece152a10f432415d1a2aa9a42dfe23e5ba2bc255ab91f6",
                "sha256:c3b2e0af1f7f77c4263759c4824316ce458fabe0fceadcd24ef8ca08b2d1e402",
                "sha256:c4fcbe74fb85df8ba7825fa05eddca764138da752904b378f0ae5ab33a36c308",
                "sha256:c9defba70ab943f1df98a656247966d7729da2fe9c2d5d85346464bf320820a3",
                "sha256:cc6e3614eca88b1c8a625fc0a47d0d745e7c3255b21dac0e30b3037c5e3deeb8",
                "sha256:d01c7819a410f7c255b20799b65d36b414379a30c6f1684c7bd7eb6777338c1b",
                "sha256:efff4375a8c52f55a145dc8487a2108c2140f0bec4151ab4e1843e52eb9987ad",
                "sha256:fdc70d81235fc586b9e3d1aeef7d1553259b62ecaae9db2167a5d2550dcc391a"
            ],
            "index": "pypi",
            "markers": "python_version >= '3.9'",
            "version": "==1.12.0"
        },
        "mccabe": {
            "hashes": [
                "sha256:348e0240c33b60bbdf4e523192ef919f28cb2c3d7d5c7794f74009290f236325",
                "sha256:6c2d30ab6be0e4a46919781807b4f0d834ebdd6c6e3dca0bda5a15f863427b6e"
            ],
            "index": "pypi",
            "markers": "python_version >= '3.6'",
            "version": "==0.7.0"
        },
        "nodeenv": {
            "hashes": [
                "sha256:5bb13e3eed2923615535339b3c620e76779af4cb4c6a90deccc9e36b274d3827",
                "sha256:996c191ad80897d076bdfba80a41994c2b47c68e224c542b48feba42ba00f8bb"
            ],
            "index": "pypi",
            "markers": "python_version >= '2.7' and python_version not in '3.0, 3.1, 3.2, 3.3, 3.4, 3.5, 3.6'",
            "version": "==1.10.0"
        },
        "packaging": {
            "hashes": [
                "sha256:5fc45236b9446107ff2415ce77c807cee2862cb6fac22b8a73826d0693b0980e",
                "sha256:ff452ff5a3e828ce110190feff1178bb1f2ea2281fa2075aadb987c2fb221661"
            ],
            "index": "pypi",
            "markers": "python_version >= '3.8'",
            "version": "==26.2"
        },
        "pathspec": {
            "hashes": [
                "sha256:17db5ecd524104a120e173814c90367a96a98d07c45b2e10c2f3919fff91bf5a",
                "sha256:a00ce642f577bf7f473932318056212bc4f8bfdf53128c78bbd5af0b9b20b189"
            ],
            "markers": "python_version >= '3.9'",
            "version": "==1.1.1"
        },
        "platformdirs": {
            "hashes": [
                "sha256:31e761a6a0ca04faf7353ea759bdba55652be214725111e5aac52dfa29d4bef7",
                "sha256:fb516cdb12eb0d857d0cd85a7c57cea4d060bee4578d6cf5a14dfdf8cbf8784a"
            ],
            "index": "pypi",
            "markers": "python_version >= '3.10'",
            "version": "==4.10.0"
        },
        "pluggy": {
            "hashes": [
                "sha256:7dcc130b76258d33b90f61b658791dede3486c3e6bfb003ee5c9bfb396dd22f3",
                "sha256:e920276dd6813095e9377c0bc5566d94c932c33b27a3e3945d8389c374dd4746"
            ],
            "index": "pypi",
            "markers": "python_version >= '3.9'",
            "version": "==1.6.0"
        },
        "pycodestyle": {
            "hashes": [
                "sha256:c4b5b517d278089ff9d0abdec919cd97262a3367449ea1c8b49b91529167b783",
                "sha256:dd6bf7cb4ee77f8e016f9c8e74a35ddd9f67e1d5fd4184d86c3b98e07099f42d"
            ],
            "index": "pypi",
            "markers": "python_version >= '3.9'",
            "version": "==2.14.0"
        },
        "pyflakes": {
            "hashes": [
                "sha256:b24f96fafb7d2ab0ec5075b7350b3d2d2218eab42003821c06344973d3ea2f58",
                "sha256:f742a7dbd0d9cb9ea41e9a24a918996e8170c799fa528688d40dd582c8265f4f"
            ],
            "index": "pypi",
            "markers": "python_version >= '3.9'",
            "version": "==3.4.0"
        },
        "pygments": {
            "hashes": [
                "sha256:6757cd03768053ff99f3039c1a36d6c0aa0b263438fcab17520b30a303a82b5f",
                "sha256:81a9e26dd42fd28a23a2d169d86d7ac03b46e2f8b59ed4698fb4785f946d0176"
            ],
            "markers": "python_version >= '3.9'",
            "version": "==2.20.0"
        },
        "pylint": {
            "hashes": [
                "sha256:00f51c9b14a3b3ae08cff6b2cdd43f28165c78b165b628692e428fb1f8dc2cf2",
                "sha256:8cd6a618df75deb013bd7eb98327a95f02a6fb839205a6bbf5456ef96afb317c"
            ],
            "index": "pypi",
            "markers": "python_full_version >= '3.10.0'",
            "version": "==4.0.5"
        },
        "pyright": {
            "hashes": [
                "sha256:986ee05beca9e077c165758ad123667c679e050059a2546aa02473930394bc93",
                "sha256:aa3ea228cab90c845c7a60d28db7a844c04315356392aa09fafcee98c8c22fb3"
            ],
            "index": "pypi",
            "markers": "python_version >= '3.7'",
            "version": "==1.1.409"
        },
        "pytest": {
            "hashes": [
                "sha256:2c5efc453d45394fdd706ade797c0a81091eccd1d6e4bccfcd476e2b8e0ab5d9",
                "sha256:b86ada508af81d19edeb213c681b1d48246c1a91d304c6c81a427674c17eb91c"
            ],
            "index": "pypi",
            "markers": "python_version >= '3.10'",
            "version": "==9.0.3"
        },
        "pytest-cov": {
            "hashes": [
                "sha256:30674f2b5f6351aa09702a9c8c364f6a01c27aae0c1366ae8016160d1efc56b2",
                "sha256:a0461110b7865f9a271aa1b51e516c9a95de9d696734a2f71e3e78f46e1d4678"
            ],
            "index": "pypi",
            "markers": "python_version >= '3.9'",
            "version": "==7.1.0"
        },
        "pyyaml": {
            "hashes": [
                "sha256:00c4bdeba853cc34e7dd471f16b4114f4162dc03e6b7afcc2128711f0eca823c",
                "sha256:0150219816b6a1fa26fb4699fb7daa9caf09eb1999f3b70fb6e786805e80375a",
                "sha256:02893d100e99e03eda1c8fd5c441d8c60103fd175728e23e431db1b589cf5ab3",
                "sha256:02ea2dfa234451bbb8772601d7b8e426c2bfa197136796224e50e35a78777956",
                "sha256:0f29edc409a6392443abf94b9cf89ce99889a1dd5376d94316ae5145dfedd5d6",
                "sha256:10892704fc220243f5305762e276552a0395f7beb4dbf9b14ec8fd43b57f126c",
                "sha256:16249ee61e95f858e83976573de0f5b2893b3677ba71c9dd36b9cf8be9ac6d65",
                "sha256:1d37d57ad971609cf3c53ba6a7e365e40660e3be0e5175fa9f2365a379d6095a",
                "sha256:1ebe39cb5fc479422b83de611d14e2c0d3bb2a18bbcb01f229ab3cfbd8fee7a0",
                "sha256:214ed4befebe12df36bcc8bc2b64b396ca31be9304b8f59e25c11cf94a4c033b",
                "sha256:2283a07e2c21a2aa78d9c4442724ec1eb15f5e42a723b99cb3d822d48f5f7ad1",
                "sha256:22ba7cfcad58ef3ecddc7ed1db3409af68d023b7f940da23c6c2a1890976eda6",
                "sha256:27c0abcb4a5dac13684a37f76e701e054692a9b2d3064b70f5e4eb54810553d7",
                "sha256:28c8d926f98f432f88adc23edf2e6d4921ac26fb084b028c733d01868d19007e",
                "sha256:2e71d11abed7344e42a8849600193d15b6def118602c4c176f748e4583246007",
                "sha256:34d5fcd24b8445fadc33f9cf348c1047101756fd760b4dacb5c3e99755703310",
                "sha256:37503bfbfc9d2c40b344d06b2199cf0e96e97957ab1c1b546fd4f87e53e5d3e4",
                "sha256:3c5677e12444c15717b902a5798264fa7909e41153cdf9ef7ad571b704a63dd9",
                "sha256:3ff07ec89bae51176c0549bc4c63aa6202991da2d9a6129d7aef7f1407d3f295",
                "sha256:41715c910c881bc081f1e8872880d3c650acf13dfa8214bad49ed4cede7c34ea",
                "sha256:418cf3f2111bc80e0933b2cd8cd04f286338bb88bdc7bc8e6dd775ebde60b5e0",
                "sha256:44edc647873928551a01e7a563d7452ccdebee747728c1080d881d68af7b997e",
                "sha256:4a2e8cebe2ff6ab7d1050ecd59c25d4c8bd7e6f400f5f82b96557ac0abafd0ac",
                "sha256:4ad1906908f2f5ae4e5a8ddfce73c320c2a1429ec52eafd27138b7f1cbe341c9",
                "sha256:501a031947e3a9025ed4405a168e6ef5ae3126c59f90ce0cd6f2bfc477be31b7",
                "sha256:5190d403f121660ce8d1d2c1bb2ef1bd05b5f68533fc5c2ea899bd15f4399b35",
                "sha256:5498cd1645aa724a7c71c8f378eb29ebe23da2fc0d7a08071d89469bf1d2defb",
                "sha256:5cf4e27da7e3fbed4d6c3d8e797387aaad68102272f8f9752883bc32d61cb87b",
                "sha256:5e0b74767e5f8c593e8c9b5912019159ed0533c70051e9cce3e8b6aa699fcd69",
                "sha256:5ed875a24292240029e4483f9d4a4b8a1ae08843b9c54f43fcc11e404532a8a5",
                "sha256:5fcd34e47f6e0b794d17de1b4ff496c00986e1c83f7ab2fb8fcfe9616ff7477b",
                "sha256:5fdec68f91a0c6739b380c83b951e2c72ac0197ace422360e6d5a959d8d97b2c",
                "sha256:6344df0d5755a2c9a276d4473ae6b90647e216ab4757f8426893b5dd2ac3f369",
                "sha256:64386e5e707d03a7e172c0701abfb7e10f0fb753ee1d773128192742712a98fd",
                "sha256:652cb6edd41e718550aad172851962662ff2681490a8a711af6a4d288dd96824",
                "sha256:66291b10affd76d76f54fad28e22e51719ef9ba22b29e1d7d03d6777a9174198",
                "sha256:66e1674c3ef6f541c35191caae2d429b967b99e02040f5ba928632d9a7f0f065",
                "sha256:6adc77889b628398debc7b65c073bcb99c4a0237b248cacaf3fe8a557563ef6c",
                "sha256:79005a0d97d5ddabfeeea4cf676af11e647e41d81c9a7722a193022accdb6b7c",
                "sha256:7c6610def4f163542a622a73fb39f534f8c101d690126992300bf3207eab9764",
                "sha256:7f047e29dcae44602496db43be01ad42fc6f1cc0d8cd6c83d342306c32270196",
                "sha256:8098f252adfa6c80ab48096053f512f2321f0b998f98150cea9bd23d83e1467b",
                "sha256:850774a7879607d3a6f50d36d04f00ee69e7fc816450e5f7e58d7f17f1ae5c00",
                "sha256:8d1fab6bb153a416f9aeb4b8763bc0f22a5586065f86f7664fc23339fc1c1fac",
                "sha256:8da9669d359f02c0b91ccc01cac4a67f16afec0dac22c2ad09f46bee0697eba8",
                "sha256:8dc52c23056b9ddd46818a57b78404882310fb473d63f17b07d5c40421e47f8e",
                "sha256:9149cad251584d5fb4981be1ecde53a1ca46c891a79788c0df828d2f166bda28",
                "sha256:93dda82c9c22deb0a405ea4dc5f2d0cda384168e466364dec6255b293923b2f3",
                "sha256:96b533f0e99f6579b3d4d4995707cf36df9100d67e0c8303a0c55b27b5f99bc5",
                "sha256:9c57bb8c96f6d1808c030b1687b9b5fb476abaa47f0db9c0101f5e9f394e97f4",
                "sha256:9c7708761fccb9397fe64bbc0395abcae8c4bf7b0eac081e12b809bf47700d0b",
                "sha256:9f3bfb4965eb874431221a3ff3fdcddc7e74e3b07799e0e84ca4a0f867d449bf",
                "sha256:a33284e20b78bd4a18c8c2282d549d10bc8408a2a7ff57653c0cf0b9be0afce5",
                "sha256:a80cb027f6b349846a3bf6d73b5e95e782175e52f22108cfa17876aaeff93702",
                "sha256:b30236e45cf30d2b8e7b3e85881719e98507abed1011bf463a8fa23e9c3e98a8",
                "sha256:b3bc83488de33889877a0f2543ade9f70c67d66d9ebb4ac959502e12de895788",
                "sha256:b865addae83924361678b652338317d1bd7e79b1f4596f96b96c77a5a34b34da",
                "sha256:b8bb0864c5a28024fac8a632c443c87c5aa6f215c0b126c449ae1a150412f31d",
                "sha256:ba1cc08a7ccde2d2ec775841541641e4548226580ab850948cbfda66a1befcdc",
                "sha256:bdb2c67c6c1390b63c6ff89f210c8fd09d9a1217a465701eac7316313c915e4c",
                "sha256:c1ff362665ae507275af2853520967820d9124984e0f7466736aea23d8611fba",
                "sha256:c2514fceb77bc5e7a2f7adfaa1feb2fb311607c9cb518dbc378688ec73d8292f",
                "sha256:c3355370a2c156cffb25e876646f149d5d68f5e0a3ce86a5084dd0b64a994917",
                "sha256:c458b6d084f9b935061bc36216e8a69a7e293a2f1e68bf956dcd9e6cbcd143f5",
                "sha256:d0eae10f8159e8fdad514efdc92d74fd8d682c933a6dd088030f3834bc8e6b26",
                "sha256:d76623373421df22fb4cf8817020cbb7ef15c725b9d5e45f17e189bfc384190f",
                "sha256:ebc55a14a21cb14062aa4162f906cd962b28e2e9ea38f9b4391244cd8de4ae0b",
                "sha256:eda16858a3cab07b80edaf74336ece1f986ba330fdb8ee0d6c0d68fe82bc96be",
                "sha256:ee2922902c45ae8ccada2c5b501ab86c36525b883eff4255313a253a3160861c",
                "sha256:efd7b85f94a6f21e4932043973a7ba2613b059c4a000551892ac9f1d11f5baf3",
                "sha256:f7057c9a337546edc7973c0d3ba84ddcdf0daa14533c2065749c9075001090e6",
                "sha256:fa160448684b4e94d80416c0fa4aac48967a969efe22931448d853ada8baf926",
                "sha256:fc09d0aa354569bc501d4e787133afc08552722d3ab34836a80547331bb5d4a0"
            ],
            "markers": "python_version >= '3.8'",
            "version": "==6.0.3"
        },
        "tomli": {
            "hashes": [
                "sha256:01f520d4f53ef97964a240a035ec2a869fe1a37dde002b57ebc4417a27ccd853",
                "sha256:0d85819802132122da43cb86656f8d1f8c6587d54ae7dcaf30e90533028b49fe",
                "sha256:136443dbd7e1dee43c68ac2694fde36b2849865fa258d39bf822c10e8068eac5",
                "sha256:1d8591993e228b0c930c4bb0db464bdad97b3289fb981255d6c9a41aedc84b2d",
                "sha256:2190f2e9dd7508d2a90ded5ed369255980a1bcdd58e52f7fe24b8162bf9fedbd",
                "sha256:2c1c351919aca02858f740c6d33adea0c5deea37f9ecca1cc1ef9e884a619d26",
                "sha256:36d2bd2ad5fb9eaddba5226aa02c8ec3fa4f192631e347b3ed28186d43be6b54",
                "sha256:3d48a93ee1c9b79c04bb38772ee1b64dcf18ff43085896ea460ca8dec96f35f6",
                "sha256:47149d5bd38761ac8be13a84864bf0b7b70bc051806bc3669ab1cbc56216b23c",
                "sha256:4ab97e64ccda8756376892c53a72bd1f964e519c77236368527f758fbc36a53a",
                "sha256:4b605484e43cdc43f0954ddae319fb75f04cc10dd80d830540060ee7cd0243cd",
                "sha256:504aa796fe0569bb43171066009ead363de03675276d2d121ac1a4572397870f",
                "sha256:51529d40e3ca50046d7606fa99ce3956a617f9b36380da3b7f0dd3dd28e68cb5",
                "sha256:52c8ef851d9a240f11a88c003eacb03c31fc1c9c4ec64a99a0f922b93874fda9",
                "sha256:559db847dc486944896521f68d8190be1c9e719fced785720d2216fe7022b662",
                "sha256:5a881ab208c0baf688221f8cecc5401bd291d67e38a1ac884d6736cbcd8247e9",
                "sha256:5cb41aa38891e073ee49d55fbc7839cfdb2bc0e600add13874d048c94aadddd1",
                "sha256:5e262d41726bc187e69af7825504c933b6794dc3fbd5945e41a79bb14c31f585",
                "sha256:5ee18d9ebdb417e384b58fe414e8d6af9f4e7a0ae761519fb50f721de398dd4e",
                "sha256:7008df2e7655c495dd12d2a4ad038ff878d4ca4b81fccaf82b714e07eae4402c",
                "sha256:734e20b57ba95624ecf1841e72b53f6e186355e216e5412de414e3c51e5e3c41",
                "sha256:7c7e1a961a0b2f2472c1ac5b69affa0ae1132c39adcb67aba98568702b9cc23f",
                "sha256:7f86fd587c4ed9dd76f318225e7d9b29cfc5a9d43de44e5754db8d1128487085",
                "sha256:7f94b27a62cfad8496c8d2513e1a222dd446f095fca8987fceef261225538a15",
                "sha256:88dceee75c2c63af144e456745e10101eb67361050196b0b6af5d717254dddf7",
                "sha256:8a650c2dbafa08d42e51ba0b62740dae4ecb9338eefa093aa5c78ceb546fcd5c",
                "sha256:8d65a2fbf9d2f8352685bc1364177ee3923d6baf5e7f43ea4959d7d8bc326a36",
                "sha256:96481a5786729fd470164b47cdb3e0e58062a496f455ee41b4403be77cb5a076",
                "sha256:a120733b01c45e9a0c34aeef92bf0cf1d56cfe81ed9d47d562f9ed591a9828ac",
                "sha256:b1d22e6e9387bf4739fbe23bfa80e93f6b0373a7f1b96c6227c32bef95a4d7a8",
                "sha256:b8c198f8c1805dc42708689ed6864951fd2494f924149d3e4bce7710f8eb5232",
                "sha256:c2541745709bad0264b7d4705ad453b76ccd191e64aa6f0fc66b69a293a45ece",
                "sha256:c742f741d58a28940ce01d58f0ab2ea3ced8b12402f162f4d534dfe18ba1cd6a",
                "sha256:c7f2c7f2b9ca6bdeef8f0fa897f8e05085923eb091721675170254cbc5b02897",
                "sha256:d312ef37c91508b0ab2cee7da26ec0b3ed2f03ce12bd87a588d771ae15dcf82d",
                "sha256:d4d8fe59808a54658fcc0160ecfb1b30f9089906c50b23bcb4c69eddc19ec2b4",
                "sha256:da25dc3563bff5965356133435b757a795a17b17d01dbc0f42fb32447ddfd917",
                "sha256:eab21f45c7f66c13f2a9e0e1535309cee140182a9cdae1e041d02e47291e8396",
                "sha256:eb0dc4e38e6a1fd579e5d50369aa2e10acfc9cace504579b2faabb478e76941a",
                "sha256:ec9bfaf3ad2df51ace80688143a6a4ebc09a248f6ff781a9945e51937008fcbc",
                "sha256:ede3e6487c5ef5d28634ba3f31f989030ad6af71edfb0055cbbd14189ff240ba",
                "sha256:f3c6818a1a86dd6dca7ddcaaf76947d5ba31aecc28cb1b67009a5877c9a64f3f",
                "sha256:f758f1b9299d059cc3f6546ae2af89670cb1c4d48ea29c3cacc4fe7de3058257",
                "sha256:f8f0fc26ec2cc2b965b7a3b87cd19c5c6b8c5e5f436b984e85f486d652285c30",
                "sha256:fd0409a3653af6c147209d267a0e4243f0ae46b011aa978b1080359fddc9b6cf",
                "sha256:ff18e6a727ee0ab0388507b89d1bc6a22b138d1e2fa56d1ad494586d61d2eae9",
                "sha256:ff2983983d34813c1aeb0fa89091e76c3a22889ee83ab27c5eeb45100560c049"
            ],
            "index": "pypi",
            "markers": "python_version >= '3.8'",
            "version": "==2.4.1"
        },
        "tomlkit": {
            "hashes": [
                "sha256:4dbc8f0fc024412b57ced8757ac7461305126a648ff8c2c807fcb8e133a78738",
                "sha256:7d1a9ecba3086638211b13814ea79c90dd54dd11993564376f3aa92271f5c7a3"
            ],
            "index": "pypi",
            "markers": "python_version >= '3.9'",
            "version": "==0.15.0"
        },
        "typing-extensions": {
            "hashes": [
                "sha256:0cea48d173cc12fa28ecabc3b837ea3cf6f38c6d1136f85cbaaf598984861466",
                "sha256:f0fa19c6845758ab08074a0cfa8b7aecb71c999ca73d62883bc25cc018c4e548"
            ],
            "index": "pypi",
            "markers": "python_version >= '3.9'",
            "version": "==4.15.0"
        },
        "wrapt": {
            "hashes": [
                "sha256:036dfb40128819a751c6f451c6b9c10172c49e4c401aebcdb8ecf2aec1683598",
                "sha256:03df9ebed4c73ab93fa8c07e3d41d818dfca1852b15731a3de59457b27814624",
                "sha256:05d5cb74d1b232ec8cfa130a8f900708699ff2491d97b8f85a4cdc5996294b85",
                "sha256:07be671fa8875971222b0ba9059ed8b4dc738631122feba17c93aa36b4213e9a",
                "sha256:09ac16c081bebfd15d8e4dfa5bdc805990bbd52249ecff22530da7a129d6120b",
                "sha256:0d9ff006f420b2ec8296aa56ade43ea7da3e997e85769f0aafc5e0661aacb710",
                "sha256:0f68f478004475d97906686e702ddbddeaf717c0b68ad2794384308f2dc713ae",
                "sha256:17de18fc12cea55b8a9587314cb830573e37fb33b247a7515696350863714188",
                "sha256:1ae574d65c9fa8e86f64f6a7c2668f9fcd507b183e0e577619f504b883cb0a6c",
                "sha256:1c9934ea5d92957e3cd0adbc0845539dccfd62710ebe16195a8c66c53954db36",
                "sha256:1d676ee388bc42a04d56dd7deb5605244dac2e35cc2fadbb43c9fa25bbd93508",
                "sha256:1ffa9cfd4bdb581539951b14ae661ff20ed0c3599b3e911a131ee0ec5ac11337",
                "sha256:2076d2335085eb09b9547e7688656fa8f5cf0183eab589d33499cd353489d797",
                "sha256:211f595f8e7faae5c5930fcc64708f2ba36849e0ba0fd653a843de9fa8d7db77",
                "sha256:24c52546acf2ab82412f2ab6fc5948a7fe958d3b4f070202e8dcdd865489eaf9",
                "sha256:2d83966dc7f4f45e8b97b5933685ac2e6e67fc0e19246ea314bceb9a8970c956",
                "sha256:2de9e20769fe9c1f6dcdc893c6a89287c5ccf8537c90b5de78aed8017697aad5",
                "sha256:2e08688ab16525897da6589d56d0aebaf417bbe91c2d8e3b96203b1efa596e85",
                "sha256:2f8c90c8afde51969487be4e1343ae049b268854877d415c2510baf833775052",
                "sha256:368eac1e20fd0bb03dd3cc42bf9887154c3861b60989389ccb5fac032617d215",
                "sha256:3aafea2975caef8ca49400640dde02cc7426e798f24870ed01f490bc3cffd32f",
                "sha256:3e2f02472a1cbbf3884b365714a810b5947134a95ad6952b554cb8cce9d492b0",
                "sha256:3ffad790d9d11d8ecf9f17c4bb671a5b4089e4d8b575c46c5129597f41f836b0",
                "sha256:401229e9d63ca09f9b8891ecf83798d26c11bbb445d11ed9f1836b6d4585b38a",
                "sha256:436addbc4bb4fc0a88c702577f51195d7d73683a7f3e0e5b253d8404d7847243",
                "sha256:44255c84bc57554fed822e83e70036b51afa9edb56fc7ca56c54410ece7898c9",
                "sha256:50972a1d974ea07725a7f6b1cec5f8759008afd030a0024843ebe7d52de47f2b",
                "sha256:5590d63f5243251641cf543009b4c9314a79d0598fdb8a8e4cfc918494536c53",
                "sha256:585916e210db57b23543342c2f298e42331b617fd0c934caf5c64df44de8640e",
                "sha256:5f1845c2a8cc1180ccccfa45785dd06f562730d19ef75be180334254012b6283",
                "sha256:5fa9bf3b9e66336589d03f42abce2da1055ad5c69b0c2b764852a8471c9b9114",
                "sha256:61a0013344674d2b648bc6e6fe9828dd4fc1d3b4eb7523809792f8cb952e2f16",
                "sha256:61acce4257a9883669703c525447c5b4c392edf0f987ae77ec32668440158f0e",
                "sha256:628f5220c7a904d5fc78f7075c8d7871433eb6d035c94728a22fdf85f193d2a8",
                "sha256:64b7deeda4b70408e382328d8bbe52a256fe9bc63ae3db86d804608367e5422c",
                "sha256:6744f504375775d7609c82c8d3d94af1c9a6f05586984536905908ba905277b9",
                "sha256:67a97e5b6c457f0cd3cfc19ebb2d84463e60c3ece754cc831e4281a3ca29bb18",
                "sha256:69f2e9244542cb34dd59c7f073445b9e54ad9f3fce8d93606c368a1b499fc413",
                "sha256:6ce32763ac31ce94fe9aada947e479b1975012bff166da409b4b9e4e376cf7e5",
                "sha256:6f56a647e4eaf5f0ca40330fb070f566bdf9f7b0db89a1af20d71c28dcd7a0ab",
                "sha256:727ab4244622cd6ad2390f322642090c877d2e83a608d2653a7643ae5368d926",
                "sha256:74d6a0c31472fe5d814917266b9f46495d7c61ed890af08b468acea92fb89a8d",
                "sha256:78b0aa6bfb7be8deed0ab23e7aa028cc5210c29bc2d32a04d52b50e517a7307e",
                "sha256:7975bc88ab4b0f72ef2a2d5ae9d77d87efb5ef95e8f8046242fa9afdaaf2030b",
                "sha256:7a4fdb9326aab4a5a477a1640e5ad786a8495901009d7e7b038371edd23a9d2b",
                "sha256:844c858fc3bb7eacc0ba8efa904935d16aac6a4470948ad1e7e55c9f5a2a665f",
                "sha256:87bacdaf225117a342a20d9c03438d701c02112f6e3f351ce9b7f32354f14797",
                "sha256:8a983a603a18c8708f024f7f6991b2e66159219abbf894634c5056243c55f3cd",
                "sha256:8d1b4d0e0c2119587a31f5c029abd547e0c81d93b89d394566fe1588659eb579",
                "sha256:9011395be8db1827d106c6449b4bb6dd17e331ff6ec521f227e4588f1c78e46f",
                "sha256:93fc2bf40cd7f4a0256010dce073d44eeb4a351b9bca94d0477ce2b6e62532b3",
                "sha256:95821352042722cd9f1108874579a47989d0a7e12a37d87d2fc4af20fd99ab8a",
                "sha256:9907a4402ab6db12b7077a0ea5d7a4d028ecb22c8eee2b53527080d347cd1562",
                "sha256:9a04c28c10ba7fd12842b109d2edb0678872a2fe65277ca4ff06a0d61edee245",
                "sha256:9a5934eaea872e17936b5f45501eba5ab0bce9a74122e172b663d7c28c459c4a",
                "sha256:9b984d1eb252145d6302c1dbd5e87fc6d404d45531447c84eadec04bf1fcb027",
                "sha256:9c210a6994b21aa9b29e81c8d11560e8fdab54c117e9cff37870d0a27bde1343",
                "sha256:9d8f204c8e3a8bf9ece17e0a83d137fd807440977f8a5e762d59306795011440",
                "sha256:a8f7176b83664af44567e9cc06e0d3827823fcc1a5e52307ebb8ac3aa95860b9",
                "sha256:a9dec1aca52dddde7df94818310fa2fe79739c8f385b2014c4cb1035f5508199",
                "sha256:ab5be648d5a0b86b7438864f8df3c705a65cef35a2fd3e5561e3e203167e0f27",
                "sha256:abd621552ede77c4c69be7fac44ba911225b0c812b6ba604e5964cf98085b474",
                "sha256:ac2745950b2bff80219c15ebf2fa9d8427eba7e249739f97e55c9d169e47e9e1",
                "sha256:aed9658797d0b45d6c49adcfc6b41f66e6f2d0c6de3ec79e16cf4b1855df240f",
                "sha256:b6c0febfe38f22df2eb565c0ce8a092bb80411e56861ca382c443da83105423f",
                "sha256:b9cf53ba90717db2e292401de290776c498d4bbfb0d4a559ca2895db8b9dcb5c",
                "sha256:ba519b2d765df9871a25879e6f7fa78948ea59a2a31f9c1a257e34b651994afc",
                "sha256:c318a64b53d97b841d7b5e637517e50a27be64bc695128422953d4b21710954e",
                "sha256:c3723ff8eb8721f4daac98bc0256f15158e05316d5e52648ce9cebee434fbdd5",
                "sha256:c754dafdf5aaf0b401b644a90a30046929a0dd1a536e0ff0ec959a59155d9c7f",
                "sha256:c803a3d331796255af51ba2c79ed0ac8275865b516c09e61f248d1e7aff31ce9",
                "sha256:c8cc5094b08abeae52da9c73c8a32003623be691a5193df2f4e3eac3d557c394",
                "sha256:cf3638274ab9d9b724c9baa0b4c04e132cd6faefb78b4dd3dd1a02a4bdaad41e",
                "sha256:d047f6498c973874ba08ac3f97c69a2c4b2211c8de6f4c205f75cb1c9522596e",
                "sha256:d2beb1c7cab10603aecdc42f8edd6ff013f9a32e4543474e38e6b77ce9975aeb",
                "sha256:d7f513d3185e6fec82d0c3518f2e6365d8b4e49f5f45f29640d5162d56a23b54",
                "sha256:dd57607acc85678925940bd5df0385ff8332083a32fa8d7a43f8767f4997263c",
                "sha256:e0cb7e4dd71f4c32e5e84843cd3c4cd65dda034314004bbe1d7f99af2426ab80",
                "sha256:e3677c7146ce694874941ba82b57092cc4875445aadf29d72807351023105143",
                "sha256:e395f7bc31851ef9b612050368cb446e9bc14cd7454b025018980349caf25ae5",
                "sha256:e422b2d647a65d6b080cad5accd09055d3809bdff00c76fba8dca00ca935572a",
                "sha256:ed55af48b3eb28f43228ca2306788892bcb629eb2b5c4876e2a3659872c2f17a",
                "sha256:ed928d0fda15fc0adc8d13305c8b3c0f2fba5b0669950c9e6d019d9162a3b3e8",
                "sha256:f4e1a92032a39cd5e3c647ca57dbf33b6a1938fd975623175793f9dbb63236de",
                "sha256:f53ac9f3ef573326d009ed809beff4efcac6451931c2b8132586da4b9e53ff31",
                "sha256:f5b9daf6b629fce418e0cc3dd0436eac045188fa35deadb7a7f3941d5b8203f9",
                "sha256:f6518b94edb9150452e9aba08027d4cc293433753ec1fbefb4629a21cbc74181",
                "sha256:f70db64e8266d7c45d3b735f2e08eeb434b5e03da9a479ae42b2e2e486a21a00",
                "sha256:fafb4e739e43544d12cb4abd1605fd4683b6ca6a9ad682b7fd8f4d21973eafa8",
                "sha256:fd0135d34387f5fd087d9be368ea77ea89cf2451dc1cd1c622d35021bcb3ab50"
            ],
            "index": "pypi",
            "markers": "python_version >= '3.9'",
            "version": "==2.2.1"
        },
        "yamllint": {
            "hashes": [
                "sha256:09e5f29531daab93366bb061e76019d5e91691ef0a40328f04c927387d1d364d",
                "sha256:fc394a5b3be980a4062607b8fdddc0843f4fa394152b6da21722f5d59013c220"
            ],
            "index": "pypi",
            "markers": "python_version >= '3.10'",
            "version": "==1.38.0"
        },
        "zipp": {
            "hashes": [
                "sha256:25ad4e16390cd314347dd8f1de67a2ac538ae658ed4ab9db16029c07c188e97f",
                "sha256:4cb57381f544315db7688e976e922a2b18cdb513d21cc194eb42232ba2a3e602"
            ],
            "index": "pypi",
            "markers": "python_version >= '3.10'",
            "version": "==4.1.0"
        }
    }
}
